
Microsoft Visual Studio Solution File, Format Version 12.00
# Visual Studio Version 17
VisualStudioVersion = 17.0.31903.59
MinimumVisualStudioVersion = 10.0.40219.1
Project("{9A19103F-16F7-4668-BE54-9A1E7A4F7556}") = "TN_Doc", "TN_Doc\TN_Doc.csproj", "{AB63A695-B448-46B7-93DE-562472610DC6}"
EndProject
Project("{9A19103F-16F7-4668-BE54-9A1E7A4F7556}") = "TN_DocGeneral", "TN_DocGeneral\TN_DocGeneral.csproj", "{CA6D7CA6-3440-40B8-AD60-F70C6C13C0F4}"
EndProject
Project("{9A19103F-16F7-4668-BE54-9A1E7A4F7556}") = "TN_CfgFile", "TN_CfgFile\TN_CfgFile.csproj", "{D2AE1D8C-5FA6-4E84-B446-2D54C3671B0F}"
EndProject
Project("{2150E333-8FDC-42A3-9474-1A3956D46DE8}") = "DocModules", "DocModules", "{176836C5-FE97-4C55-B604-A16332BCAF3A}"
EndProject
Project("{2150E333-8FDC-42A3-9474-1A3956D46DE8}") = "Report", "Report", "{1AB09B91-3739-46CF-8B9E-E08141AA2D1C}"
EndProject
Project("{9A19103F-16F7-4668-BE54-9A1E7A4F7556}") = "Report", "Report\Report.csproj", "{B14CA6DE-3900-4318-8518-84CDA5FE72C8}"
EndProject
Project("{2150E333-8FDC-42A3-9474-1A3956D46DE8}") = "Passport", "Passport", "{09B61A6F-F947-4301-ADD9-AA1E91BB15BE}"
EndProject
Project("{2150E333-8FDC-42A3-9474-1A3956D46DE8}") = "Act", "Act", "{6B266E33-2760-4229-91AA-6954119C27A7}"
EndProject
Project("{2150E333-8FDC-42A3-9474-1A3956D46DE8}") = "Jornal", "Jornal", "{661B4F60-84AA-476C-A27A-1E98CE21CCBA}"
EndProject
Project("{9A19103F-16F7-4668-BE54-9A1E7A4F7556}") = "Passport", "Passport\Passport.csproj", "{942DC288-577D-4B3E-BF4D-4AE2765339AE}"
EndProject
Project("{9A19103F-16F7-4668-BE54-9A1E7A4F7556}") = "Act", "Act\Act.csproj", "{69CA48EA-955D-4627-84DD-AA553EDE0474}"
EndProject
Project("{9A19103F-16F7-4668-BE54-9A1E7A4F7556}") = "Jornal", "Jornal\Jornal.csproj", "{A5AD45FA-6A4D-459F-884C-7F4463C3648B}"
EndProject
Project("{2150E333-8FDC-42A3-9474-1A3956D46DE8}") = "KMH_PP_Areom", "KMH_PP_Areom", "{6D7021CD-B8EE-42AF-B79E-101DD8040747}"
EndProject
Project("{9A19103F-16F7-4668-BE54-9A1E7A4F7556}") = "KMH_PP_Areom", "KMH_PP_Areom\KMH_PP_Areom.csproj", "{38C02009-2509-49D6-A356-199DC62EB0C6}"
EndProject
Project("{2150E333-8FDC-42A3-9474-1A3956D46DE8}") = "KMH_PW", "KMH_PW", "{88EBBF43-0173-4470-92B7-4F209B6BF9BC}"
EndProject
Project("{9A19103F-16F7-4668-BE54-9A1E7A4F7556}") = "KMH_PW", "KMH_PW\KMH_PW.csproj", "{749FDB9E-C0F9-4646-ACAE-221D6612080E}"
EndProject
Project("{2150E333-8FDC-42A3-9474-1A3956D46DE8}") = "KMH_PV", "KMH_PV", "{1A908C58-A5DD-4D14-9DE0-96E33CEDEE68}"
EndProject
Project("{9A19103F-16F7-4668-BE54-9A1E7A4F7556}") = "KMH_PV", "KMH_PV\KMH_PV.csproj", "{6CDF62ED-CAE7-4406-814E-9FF3567276B0}"
EndProject
Project("{2150E333-8FDC-42A3-9474-1A3956D46DE8}") = "KMH_PP", "KMH_PP", "{5AEBE1EB-9E80-46FC-AB5B-FE185CF5314A}"
EndProject
Project("{9A19103F-16F7-4668-BE54-9A1E7A4F7556}") = "KMH_PP", "KMH_PP\KMH_PP.csproj", "{EA3748C6-32E1-42EE-A7A1-C0CF7A356373}"
EndProject
Project("{2150E333-8FDC-42A3-9474-1A3956D46DE8}") = "KMH_MI2816", "KMH_MI2816", "{DF9F1D22-DB70-4A5E-8988-B909F14D7A0F}"
EndProject
Project("{9A19103F-16F7-4668-BE54-9A1E7A4F7556}") = "KMH_MI2816", "KMH_MI2816\KMH_MI2816.csproj", "{82913225-155A-47DE-BDF9-6ABC7AD964F2}"
EndProject
Project("{2150E333-8FDC-42A3-9474-1A3956D46DE8}") = "Poverka2816", "Poverka2816", "{0A17AFD2-0046-4E6A-9262-0CB29B7BF083}"
EndProject
Project("{9A19103F-16F7-4668-BE54-9A1E7A4F7556}") = "Poverka2816", "Poverka2816\Poverka2816.csproj", "{41658AFE-5F9B-4124-8BC0-4DA7BD956E11}"
EndProject
Project("{2150E333-8FDC-42A3-9474-1A3956D46DE8}") = "KMH_PR_PU", "KMH_PR_PU", "{2B6CD422-3C19-4D88-8D4B-988E2A15DCEF}"
EndProject
Project("{9A19103F-16F7-4668-BE54-9A1E7A4F7556}") = "KMH_PR_PU", "KMH_PR_PU\KMH_PR_PU.csproj", "{4E89E9E2-9ABC-4A69-ABDB-9C2308778DBD}"
EndProject
Project("{2150E333-8FDC-42A3-9474-1A3956D46DE8}") = "KMH_PR_PR", "KMH_PR_PR", "{4D729AFE-92FE-404D-8F5A-268A1424802A}"
EndProject
Project("{9A19103F-16F7-4668-BE54-9A1E7A4F7556}") = "KMH_PR_PR", "KMH_PR_PR\KMH_PR_PR.csproj", "{54FF5A7E-2CCF-4A49-AC4D-E5D7A6B3CDE9}"
EndProject
Project("{2150E333-8FDC-42A3-9474-1A3956D46DE8}") = "KMH_MPR_MPR", "KMH_MPR_MPR", "{001F1148-F3E6-4649-BCF1-818333253CD3}"
EndProject
Project("{9A19103F-16F7-4668-BE54-9A1E7A4F7556}") = "KMH_MPR_MPR", "KMH_MPR_MPR\KMH_MPR_MPR.csproj", "{00E4350A-6AF7-4EB1-B11B-358C2AF808AA}"
EndProject
Project("{2150E333-8FDC-42A3-9474-1A3956D46DE8}") = "Poverka3380", "Poverka3380", "{FD2CD47D-8A6F-4AAC-859A-E5DA8F8B74C4}"
EndProject
Project("{9A19103F-16F7-4668-BE54-9A1E7A4F7556}") = "Poverka3380", "Poverka3380\Poverka3380.csproj", "{46441C7E-1C72-432C-9F12-A1FCF4853BFA}"
EndProject
Project("{2150E333-8FDC-42A3-9474-1A3956D46DE8}") = "Poverka3287", "Poverka3287", "{3CED3D7A-71E7-45C9-AAFD-0AC998C26AB1}"
EndProject
Project("{9A19103F-16F7-4668-BE54-9A1E7A4F7556}") = "Poverka3287", "Poverka3287\Poverka3287.csproj", "{27074CC8-8608-421E-9AF6-082718D6E0B4}"
EndProject
Project("{2150E333-8FDC-42A3-9474-1A3956D46DE8}") = "Poverka3265_PR_PU", "Poverka3265_PR_PU", "{9E146118-2B8F-4A06-B313-174BCB270A81}"
EndProject
Project("{9A19103F-16F7-4668-BE54-9A1E7A4F7556}") = "Poverka3265_PR_PU", "Poverka3265_PR_PU\Poverka3265_PR_PU.csproj", "{6B957F79-8644-410C-AD89-8C718ECE2662}"
EndProject
Project("{2150E333-8FDC-42A3-9474-1A3956D46DE8}") = "Poverka3265_UPR_PU", "Poverka3265_UPR_PU", "{D9A47330-B1C4-4149-A399-3D364BC5E071}"
EndProject
Project("{9A19103F-16F7-4668-BE54-9A1E7A4F7556}") = "Poverka3265_UPR_PU", "Poverka3265_UPR_PU\Poverka3265_UPR_PU.csproj", "{AA21C345-CC8F-4ECB-BDF3-1F3E46D9316D}"
EndProject
Project("{2150E333-8FDC-42A3-9474-1A3956D46DE8}") = "Poverka3265_UPR_PR", "Poverka3265_UPR_PR", "{99A13E4D-44C5-4BE8-8E74-087EF5D3B29B}"
EndProject
Project("{9A19103F-16F7-4668-BE54-9A1E7A4F7556}") = "Poverka3265_UPR_PR", "Poverka3265_UPR_PR\Poverka3265_UPR_PR.csproj", "{FB5DBB93-9A9D-4D3B-B063-1E47DAACED70}"
EndProject
Project("{2150E333-8FDC-42A3-9474-1A3956D46DE8}") = "KMH3265_PR_PU", "KMH3265_PR_PU", "{704C13ED-C40F-45D5-880D-2E36BFAD6391}"
EndProject
Project("{9A19103F-16F7-4668-BE54-9A1E7A4F7556}") = "KMH3265_PR_PU", "KMH3265_PR_PU\KMH3265_PR_PU.csproj", "{8579DF3C-47CF-4E56-964B-66E3804EB46F}"
EndProject
Project("{2150E333-8FDC-42A3-9474-1A3956D46DE8}") = "KMH3265_UPR_PR", "KMH3265_UPR_PR", "{3F1589F2-CD39-4CFB-A433-86BF29D04B2E}"
EndProject
Project("{9A19103F-16F7-4668-BE54-9A1E7A4F7556}") = "KMH3265_UPR_PR", "KMH3265_UPR_PR\KMH3265_UPR_PR.csproj", "{9B267DAA-A6B8-477E-9F45-39A5C9D56951}"
EndProject
Project("{2150E333-8FDC-42A3-9474-1A3956D46DE8}") = "Poverka3312_PR_PU", "Poverka3312_PR_PU", "{686BC2AE-203A-4D41-8D15-908A6729C1CA}"
EndProject
Project("{9A19103F-16F7-4668-BE54-9A1E7A4F7556}") = "Poverka3312_PR_PU", "Poverka3312_PR_PU\Poverka3312_PR_PU.csproj", "{A3334979-068D-4A10-91D5-2C8FB748FDC6}"
EndProject
Project("{2150E333-8FDC-42A3-9474-1A3956D46DE8}") = "Poverka3312_UPR_PR", "Poverka3312_UPR_PR", "{88D66015-5F8E-40FD-86E7-F4EAD59AEBD3}"
EndProject
Project("{9A19103F-16F7-4668-BE54-9A1E7A4F7556}") = "Poverka3312_UPR_PR", "Poverka3312_UPR_PR\Poverka3312_UPR_PR.csproj", "{31B33573-7CBA-49F8-94F7-2AE634937D4F}"
EndProject
Project("{2150E333-8FDC-42A3-9474-1A3956D46DE8}") = "KMH3312_PR_PU", "KMH3312_PR_PU", "{C31D0048-F84A-40EE-B267-5D2E70485FAE}"
EndProject
Project("{9A19103F-16F7-4668-BE54-9A1E7A4F7556}") = "KMH3312_PR_PU", "KMH3312_PR_PU\KMH3312_PR_PU.csproj", "{5ACADD6B-7B1B-4043-9A45-012943A309CD}"
EndProject
Project("{2150E333-8FDC-42A3-9474-1A3956D46DE8}") = "KMH3312_UPR_PR", "KMH3312_UPR_PR", "{8D9D8501-3B5D-4573-BFE6-3BE1F76A42EB}"
EndProject
Project("{9A19103F-16F7-4668-BE54-9A1E7A4F7556}") = "KMH3312_UPR_PR", "KMH3312_UPR_PR\KMH3312_UPR_PR.csproj", "{AD7BBBFC-45A6-4CCB-9586-DDA531A33E98}"
EndProject
Project("{2150E333-8FDC-42A3-9474-1A3956D46DE8}") = "Poverka1974", "Poverka1974", "{215129F0-449D-4412-B606-79B780D0C681}"
EndProject
Project("{9A19103F-16F7-4668-BE54-9A1E7A4F7556}") = "Poverka1974", "Poverka1974\Poverka1974.csproj", "{D9E6067D-3257-42AF-A6FC-F78073E502C0}"
EndProject
Project("{2150E333-8FDC-42A3-9474-1A3956D46DE8}") = "Poverka3151", "Poverka3151", "{47C65772-792B-4642-8066-4E1F506E7CC5}"
EndProject
Project("{9A19103F-16F7-4668-BE54-9A1E7A4F7556}") = "Poverka3151", "Poverka3151\Poverka3151.csproj", "{911C2523-314A-4C03-B2C8-54A5FF8CC53B}"
EndProject
Project("{2150E333-8FDC-42A3-9474-1A3956D46DE8}") = "KMH_MPR_PU", "KMH_MPR_PU", "{7F72CA32-D203-4E3D-A86A-C8FAA30CC04C}"
EndProject
Project("{9A19103F-16F7-4668-BE54-9A1E7A4F7556}") = "KMH_MPR_PU", "KMH_MPR_PU\KMH_MPR_PU.csproj", "{45FA3845-947E-4AB9-ABF1-8245644FAF55}"
EndProject
Project("{2150E333-8FDC-42A3-9474-1A3956D46DE8}") = "Poverka3288", "Poverka3288", "{E1B44C63-F1B7-40DD-B96E-6DD6E898D923}"
EndProject
Project("{9A19103F-16F7-4668-BE54-9A1E7A4F7556}") = "Poverka3288", "Poverka3288\Poverka3288.csproj", "{285C8335-D981-4E90-AFA2-4F03870AC5BF}"
EndProject
Project("{2150E333-8FDC-42A3-9474-1A3956D46DE8}") = "KMH3288_MPR_TPR", "KMH3288_MPR_TPR", "{1640CD03-A8F5-4068-9571-ADF6EFC3A5F3}"
EndProject
Project("{9A19103F-16F7-4668-BE54-9A1E7A4F7556}") = "KMH3288_MPR_TPR", "KMH3288_MPR_TPR\KMH3288_MPR_TPR.csproj", "{0A121887-103D-4153-9127-29F43B9A409C}"
EndProject
Project("{2150E333-8FDC-42A3-9474-1A3956D46DE8}") = "Poverka3272", "Poverka3272", "{528B99A4-893A-4F94-9D00-36839DD0F572}"
EndProject
Project("{9A19103F-16F7-4668-BE54-9A1E7A4F7556}") = "Poverka3272", "Poverka3272\Poverka3272.csproj", "{A1309224-54BB-4C21-B5BF-28C358A0212B}"
EndProject
Project("{2150E333-8FDC-42A3-9474-1A3956D46DE8}") = "KMH_MPR_TPR", "KMH_MPR_TPR", "{BDDD39FF-D91A-474C-8C9F-43E61A1D917A}"
EndProject
Project("{9A19103F-16F7-4668-BE54-9A1E7A4F7556}") = "KMH_MPR_TPR", "KMH_MPR_TPR\KMH_MPR_TPR.csproj", "{05BC280D-F89D-4199-AAC7-6D7B64D495DF}"
EndProject
Project("{2150E333-8FDC-42A3-9474-1A3956D46DE8}") = "Poverka3189", "Poverka3189", "{08E78ACE-F624-41BE-8C7C-BDBFF3BA2EDE}"
EndProject
Project("{9A19103F-16F7-4668-BE54-9A1E7A4F7556}") = "Poverka3189", "Poverka3189\Poverka3189.csproj", "{9E2F659E-F9FE-481B-A169-E98F265814F3}"
EndProject
Project("{FAE04EC0-301F-11D3-BF4B-00C04F79EFBC}") = "TN.Utils", "tn.utils\TN.Utils\TN.Utils.csproj", "{89A838CD-9616-47FF-9B98-CE2F5A6C382D}"
EndProject
Global
	GlobalSection(SolutionConfigurationPlatforms) = preSolution
		Debug|Any CPU = Debug|Any CPU
		Release|Any CPU = Release|Any CPU
	EndGlobalSection
	GlobalSection(ProjectConfigurationPlatforms) = postSolution
		{AB63A695-B448-46B7-93DE-562472610DC6}.Debug|Any CPU.ActiveCfg = Debug|Any CPU
		{AB63A695-B448-46B7-93DE-562472610DC6}.Debug|Any CPU.Build.0 = Debug|Any CPU
		{AB63A695-B448-46B7-93DE-562472610DC6}.Release|Any CPU.ActiveCfg = Release|Any CPU
		{AB63A695-B448-46B7-93DE-562472610DC6}.Release|Any CPU.Build.0 = Release|Any CPU
		{CA6D7CA6-3440-40B8-AD60-F70C6C13C0F4}.Debug|Any CPU.ActiveCfg = Debug|Any CPU
		{CA6D7CA6-3440-40B8-AD60-F70C6C13C0F4}.Debug|Any CPU.Build.0 = Debug|Any CPU
		{CA6D7CA6-3440-40B8-AD60-F70C6C13C0F4}.Release|Any CPU.ActiveCfg = Release|Any CPU
		{CA6D7CA6-3440-40B8-AD60-F70C6C13C0F4}.Release|Any CPU.Build.0 = Release|Any CPU
		{D2AE1D8C-5FA6-4E84-B446-2D54C3671B0F}.Debug|Any CPU.ActiveCfg = Debug|Any CPU
		{D2AE1D8C-5FA6-4E84-B446-2D54C3671B0F}.Debug|Any CPU.Build.0 = Debug|Any CPU
		{D2AE1D8C-5FA6-4E84-B446-2D54C3671B0F}.Release|Any CPU.ActiveCfg = Release|Any CPU
		{D2AE1D8C-5FA6-4E84-B446-2D54C3671B0F}.Release|Any CPU.Build.0 = Release|Any CPU
		{B14CA6DE-3900-4318-8518-84CDA5FE72C8}.Debug|Any CPU.ActiveCfg = Debug|Any CPU
		{B14CA6DE-3900-4318-8518-84CDA5FE72C8}.Debug|Any CPU.Build.0 = Debug|Any CPU
		{B14CA6DE-3900-4318-8518-84CDA5FE72C8}.Release|Any CPU.ActiveCfg = Release|Any CPU
		{B14CA6DE-3900-4318-8518-84CDA5FE72C8}.Release|Any CPU.Build.0 = Release|Any CPU
		{942DC288-577D-4B3E-BF4D-4AE2765339AE}.Debug|Any CPU.ActiveCfg = Debug|Any CPU
		{942DC288-577D-4B3E-BF4D-4AE2765339AE}.Debug|Any CPU.Build.0 = Debug|Any CPU
		{942DC288-577D-4B3E-BF4D-4AE2765339AE}.Release|Any CPU.ActiveCfg = Release|Any CPU
		{942DC288-577D-4B3E-BF4D-4AE2765339AE}.Release|Any CPU.Build.0 = Release|Any CPU
		{69CA48EA-955D-4627-84DD-AA553EDE0474}.Debug|Any CPU.ActiveCfg = Debug|Any CPU
		{69CA48EA-955D-4627-84DD-AA553EDE0474}.Debug|Any CPU.Build.0 = Debug|Any CPU
		{69CA48EA-955D-4627-84DD-AA553EDE0474}.Release|Any CPU.ActiveCfg = Release|Any CPU
		{69CA48EA-955D-4627-84DD-AA553EDE0474}.Release|Any CPU.Build.0 = Release|Any CPU
		{A5AD45FA-6A4D-459F-884C-7F4463C3648B}.Debug|Any CPU.ActiveCfg = Debug|Any CPU
		{A5AD45FA-6A4D-459F-884C-7F4463C3648B}.Debug|Any CPU.Build.0 = Debug|Any CPU
		{A5AD45FA-6A4D-459F-884C-7F4463C3648B}.Release|Any CPU.ActiveCfg = Release|Any CPU
		{A5AD45FA-6A4D-459F-884C-7F4463C3648B}.Release|Any CPU.Build.0 = Release|Any CPU
		{38C02009-2509-49D6-A356-199DC62EB0C6}.Debug|Any CPU.ActiveCfg = Debug|Any CPU
		{38C02009-2509-49D6-A356-199DC62EB0C6}.Debug|Any CPU.Build.0 = Debug|Any CPU
		{38C02009-2509-49D6-A356-199DC62EB0C6}.Release|Any CPU.ActiveCfg = Release|Any CPU
		{38C02009-2509-49D6-A356-199DC62EB0C6}.Release|Any CPU.Build.0 = Release|Any CPU
		{749FDB9E-C0F9-4646-ACAE-221D6612080E}.Debug|Any CPU.ActiveCfg = Debug|Any CPU
		{749FDB9E-C0F9-4646-ACAE-221D6612080E}.Debug|Any CPU.Build.0 = Debug|Any CPU
		{749FDB9E-C0F9-4646-ACAE-221D6612080E}.Release|Any CPU.ActiveCfg = Release|Any CPU
		{749FDB9E-C0F9-4646-ACAE-221D6612080E}.Release|Any CPU.Build.0 = Release|Any CPU
		{6CDF62ED-CAE7-4406-814E-9FF3567276B0}.Debug|Any CPU.ActiveCfg = Debug|Any CPU
		{6CDF62ED-CAE7-4406-814E-9FF3567276B0}.Debug|Any CPU.Build.0 = Debug|Any CPU
		{6CDF62ED-CAE7-4406-814E-9FF3567276B0}.Release|Any CPU.ActiveCfg = Release|Any CPU
		{6CDF62ED-CAE7-4406-814E-9FF3567276B0}.Release|Any CPU.Build.0 = Release|Any CPU
		{EA3748C6-32E1-42EE-A7A1-C0CF7A356373}.Debug|Any CPU.ActiveCfg = Debug|Any CPU
		{EA3748C6-32E1-42EE-A7A1-C0CF7A356373}.Debug|Any CPU.Build.0 = Debug|Any CPU
		{EA3748C6-32E1-42EE-A7A1-C0CF7A356373}.Release|Any CPU.ActiveCfg = Release|Any CPU
		{EA3748C6-32E1-42EE-A7A1-C0CF7A356373}.Release|Any CPU.Build.0 = Release|Any CPU
		{82913225-155A-47DE-BDF9-6ABC7AD964F2}.Debug|Any CPU.ActiveCfg = Debug|Any CPU
		{82913225-155A-47DE-BDF9-6ABC7AD964F2}.Debug|Any CPU.Build.0 = Debug|Any CPU
		{82913225-155A-47DE-BDF9-6ABC7AD964F2}.Release|Any CPU.ActiveCfg = Release|Any CPU
		{82913225-155A-47DE-BDF9-6ABC7AD964F2}.Release|Any CPU.Build.0 = Release|Any CPU
		{41658AFE-5F9B-4124-8BC0-4DA7BD956E11}.Debug|Any CPU.ActiveCfg = Debug|Any CPU
		{41658AFE-5F9B-4124-8BC0-4DA7BD956E11}.Debug|Any CPU.Build.0 = Debug|Any CPU
		{41658AFE-5F9B-4124-8BC0-4DA7BD956E11}.Release|Any CPU.ActiveCfg = Release|Any CPU
		{41658AFE-5F9B-4124-8BC0-4DA7BD956E11}.Release|Any CPU.Build.0 = Release|Any CPU
		{4E89E9E2-9ABC-4A69-ABDB-9C2308778DBD}.Debug|Any CPU.ActiveCfg = Debug|Any CPU
		{4E89E9E2-9ABC-4A69-ABDB-9C2308778DBD}.Debug|Any CPU.Build.0 = Debug|Any CPU
		{4E89E9E2-9ABC-4A69-ABDB-9C2308778DBD}.Release|Any CPU.ActiveCfg = Release|Any CPU
		{4E89E9E2-9ABC-4A69-ABDB-9C2308778DBD}.Release|Any CPU.Build.0 = Release|Any CPU
		{54FF5A7E-2CCF-4A49-AC4D-E5D7A6B3CDE9}.Debug|Any CPU.ActiveCfg = Debug|Any CPU
		{54FF5A7E-2CCF-4A49-AC4D-E5D7A6B3CDE9}.Debug|Any CPU.Build.0 = Debug|Any CPU
		{54FF5A7E-2CCF-4A49-AC4D-E5D7A6B3CDE9}.Release|Any CPU.ActiveCfg = Release|Any CPU
		{54FF5A7E-2CCF-4A49-AC4D-E5D7A6B3CDE9}.Release|Any CPU.Build.0 = Release|Any CPU
		{00E4350A-6AF7-4EB1-B11B-358C2AF808AA}.Debug|Any CPU.ActiveCfg = Debug|Any CPU
		{00E4350A-6AF7-4EB1-B11B-358C2AF808AA}.Debug|Any CPU.Build.0 = Debug|Any CPU
		{00E4350A-6AF7-4EB1-B11B-358C2AF808AA}.Release|Any CPU.ActiveCfg = Release|Any CPU
		{00E4350A-6AF7-4EB1-B11B-358C2AF808AA}.Release|Any CPU.Build.0 = Release|Any CPU
		{46441C7E-1C72-432C-9F12-A1FCF4853BFA}.Debug|Any CPU.ActiveCfg = Debug|Any CPU
		{46441C7E-1C72-432C-9F12-A1FCF4853BFA}.Debug|Any CPU.Build.0 = Debug|Any CPU
		{46441C7E-1C72-432C-9F12-A1FCF4853BFA}.Release|Any CPU.ActiveCfg = Release|Any CPU
		{46441C7E-1C72-432C-9F12-A1FCF4853BFA}.Release|Any CPU.Build.0 = Release|Any CPU
		{27074CC8-8608-421E-9AF6-082718D6E0B4}.Debug|Any CPU.ActiveCfg = Debug|Any CPU
		{27074CC8-8608-421E-9AF6-082718D6E0B4}.Debug|Any CPU.Build.0 = Debug|Any CPU
		{27074CC8-8608-421E-9AF6-082718D6E0B4}.Release|Any CPU.ActiveCfg = Release|Any CPU
		{27074CC8-8608-421E-9AF6-082718D6E0B4}.Release|Any CPU.Build.0 = Release|Any CPU
		{6B957F79-8644-410C-AD89-8C718ECE2662}.Debug|Any CPU.ActiveCfg = Debug|Any CPU
		{6B957F79-8644-410C-AD89-8C718ECE2662}.Debug|Any CPU.Build.0 = Debug|Any CPU
		{6B957F79-8644-410C-AD89-8C718ECE2662}.Release|Any CPU.ActiveCfg = Release|Any CPU
		{6B957F79-8644-410C-AD89-8C718ECE2662}.Release|Any CPU.Build.0 = Release|Any CPU
		{AA21C345-CC8F-4ECB-BDF3-1F3E46D9316D}.Debug|Any CPU.ActiveCfg = Debug|Any CPU
		{AA21C345-CC8F-4ECB-BDF3-1F3E46D9316D}.Debug|Any CPU.Build.0 = Debug|Any CPU
		{AA21C345-CC8F-4ECB-BDF3-1F3E46D9316D}.Release|Any CPU.ActiveCfg = Release|Any CPU
		{AA21C345-CC8F-4ECB-BDF3-1F3E46D9316D}.Release|Any CPU.Build.0 = Release|Any CPU
		{FB5DBB93-9A9D-4D3B-B063-1E47DAACED70}.Debug|Any CPU.ActiveCfg = Debug|Any CPU
		{FB5DBB93-9A9D-4D3B-B063-1E47DAACED70}.Debug|Any CPU.Build.0 = Debug|Any CPU
		{FB5DBB93-9A9D-4D3B-B063-1E47DAACED70}.Release|Any CPU.ActiveCfg = Release|Any CPU
		{FB5DBB93-9A9D-4D3B-B063-1E47DAACED70}.Release|Any CPU.Build.0 = Release|Any CPU
		{8579DF3C-47CF-4E56-964B-66E3804EB46F}.Debug|Any CPU.ActiveCfg = Debug|Any CPU
		{8579DF3C-47CF-4E56-964B-66E3804EB46F}.Debug|Any CPU.Build.0 = Debug|Any CPU
		{8579DF3C-47CF-4E56-964B-66E3804EB46F}.Release|Any CPU.ActiveCfg = Release|Any CPU
		{8579DF3C-47CF-4E56-964B-66E3804EB46F}.Release|Any CPU.Build.0 = Release|Any CPU
		{9B267DAA-A6B8-477E-9F45-39A5C9D56951}.Debug|Any CPU.ActiveCfg = Debug|Any CPU
		{9B267DAA-A6B8-477E-9F45-39A5C9D56951}.Debug|Any CPU.Build.0 = Debug|Any CPU
		{9B267DAA-A6B8-477E-9F45-39A5C9D56951}.Release|Any CPU.ActiveCfg = Release|Any CPU
		{9B267DAA-A6B8-477E-9F45-39A5C9D56951}.Release|Any CPU.Build.0 = Release|Any CPU
		{A3334979-068D-4A10-91D5-2C8FB748FDC6}.Debug|Any CPU.ActiveCfg = Debug|Any CPU
		{A3334979-068D-4A10-91D5-2C8FB748FDC6}.Debug|Any CPU.Build.0 = Debug|Any CPU
		{A3334979-068D-4A10-91D5-2C8FB748FDC6}.Release|Any CPU.ActiveCfg = Release|Any CPU
		{A3334979-068D-4A10-91D5-2C8FB748FDC6}.Release|Any CPU.Build.0 = Release|Any CPU
		{31B33573-7CBA-49F8-94F7-2AE634937D4F}.Debug|Any CPU.ActiveCfg = Debug|Any CPU
		{31B33573-7CBA-49F8-94F7-2AE634937D4F}.Debug|Any CPU.Build.0 = Debug|Any CPU
		{31B33573-7CBA-49F8-94F7-2AE634937D4F}.Release|Any CPU.ActiveCfg = Release|Any CPU
		{31B33573-7CBA-49F8-94F7-2AE634937D4F}.Release|Any CPU.Build.0 = Release|Any CPU
		{5ACADD6B-7B1B-4043-9A45-012943A309CD}.Debug|Any CPU.ActiveCfg = Debug|Any CPU
		{5ACADD6B-7B1B-4043-9A45-012943A309CD}.Debug|Any CPU.Build.0 = Debug|Any CPU
		{5ACADD6B-7B1B-4043-9A45-012943A309CD}.Release|Any CPU.ActiveCfg = Release|Any CPU
		{5ACADD6B-7B1B-4043-9A45-012943A309CD}.Release|Any CPU.Build.0 = Release|Any CPU
		{AD7BBBFC-45A6-4CCB-9586-DDA531A33E98}.Debug|Any CPU.ActiveCfg = Debug|Any CPU
		{AD7BBBFC-45A6-4CCB-9586-DDA531A33E98}.Debug|Any CPU.Build.0 = Debug|Any CPU
		{AD7BBBFC-45A6-4CCB-9586-DDA531A33E98}.Release|Any CPU.ActiveCfg = Release|Any CPU
		{AD7BBBFC-45A6-4CCB-9586-DDA531A33E98}.Release|Any CPU.Build.0 = Release|Any CPU
		{D9E6067D-3257-42AF-A6FC-F78073E502C0}.Debug|Any CPU.ActiveCfg = Debug|Any CPU
		{D9E6067D-3257-42AF-A6FC-F78073E502C0}.Debug|Any CPU.Build.0 = Debug|Any CPU
		{D9E6067D-3257-42AF-A6FC-F78073E502C0}.Release|Any CPU.ActiveCfg = Release|Any CPU
		{D9E6067D-3257-42AF-A6FC-F78073E502C0}.Release|Any CPU.Build.0 = Release|Any CPU
		{911C2523-314A-4C03-B2C8-54A5FF8CC53B}.Debug|Any CPU.ActiveCfg = Debug|Any CPU
		{911C2523-314A-4C03-B2C8-54A5FF8CC53B}.Debug|Any CPU.Build.0 = Debug|Any CPU
		{911C2523-314A-4C03-B2C8-54A5FF8CC53B}.Release|Any CPU.ActiveCfg = Release|Any CPU
		{911C2523-314A-4C03-B2C8-54A5FF8CC53B}.Release|Any CPU.Build.0 = Release|Any CPU
		{45FA3845-947E-4AB9-ABF1-8245644FAF55}.Debug|Any CPU.ActiveCfg = Debug|Any CPU
		{45FA3845-947E-4AB9-ABF1-8245644FAF55}.Debug|Any CPU.Build.0 = Debug|Any CPU
		{45FA3845-947E-4AB9-ABF1-8245644FAF55}.Release|Any CPU.ActiveCfg = Release|Any CPU
		{45FA3845-947E-4AB9-ABF1-8245644FAF55}.Release|Any CPU.Build.0 = Release|Any CPU
		{285C8335-D981-4E90-AFA2-4F03870AC5BF}.Debug|Any CPU.ActiveCfg = Debug|Any CPU
		{285C8335-D981-4E90-AFA2-4F03870AC5BF}.Debug|Any CPU.Build.0 = Debug|Any CPU
		{285C8335-D981-4E90-AFA2-4F03870AC5BF}.Release|Any CPU.ActiveCfg = Release|Any CPU
		{285C8335-D981-4E90-AFA2-4F03870AC5BF}.Release|Any CPU.Build.0 = Release|Any CPU
		{0A121887-103D-4153-9127-29F43B9A409C}.Debug|Any CPU.ActiveCfg = Debug|Any CPU
		{0A121887-103D-4153-9127-29F43B9A409C}.Debug|Any CPU.Build.0 = Debug|Any CPU
		{0A121887-103D-4153-9127-29F43B9A409C}.Release|Any CPU.ActiveCfg = Release|Any CPU
		{0A121887-103D-4153-9127-29F43B9A409C}.Release|Any CPU.Build.0 = Release|Any CPU
		{A1309224-54BB-4C21-B5BF-28C358A0212B}.Debug|Any CPU.ActiveCfg = Debug|Any CPU
		{A1309224-54BB-4C21-B5BF-28C358A0212B}.Debug|Any CPU.Build.0 = Debug|Any CPU
		{A1309224-54BB-4C21-B5BF-28C358A0212B}.Release|Any CPU.ActiveCfg = Release|Any CPU
		{A1309224-54BB-4C21-B5BF-28C358A0212B}.Release|Any CPU.Build.0 = Release|Any CPU
		{05BC280D-F89D-4199-AAC7-6D7B64D495DF}.Debug|Any CPU.ActiveCfg = Debug|Any CPU
		{05BC280D-F89D-4199-AAC7-6D7B64D495DF}.Debug|Any CPU.Build.0 = Debug|Any CPU
		{05BC280D-F89D-4199-AAC7-6D7B64D495DF}.Release|Any CPU.ActiveCfg = Release|Any CPU
		{05BC280D-F89D-4199-AAC7-6D7B64D495DF}.Release|Any CPU.Build.0 = Release|Any CPU
		{9E2F659E-F9FE-481B-A169-E98F265814F3}.Debug|Any CPU.ActiveCfg = Debug|Any CPU
		{9E2F659E-F9FE-481B-A169-E98F265814F3}.Debug|Any CPU.Build.0 = Debug|Any CPU
		{9E2F659E-F9FE-481B-A169-E98F265814F3}.Release|Any CPU.ActiveCfg = Release|Any CPU
		{9E2F659E-F9FE-481B-A169-E98F265814F3}.Release|Any CPU.Build.0 = Release|Any CPU
		{89A838CD-9616-47FF-9B98-CE2F5A6C382D}.Debug|Any CPU.ActiveCfg = Debug|Any CPU
		{89A838CD-9616-47FF-9B98-CE2F5A6C382D}.Debug|Any CPU.Build.0 = Debug|Any CPU
		{89A838CD-9616-47FF-9B98-CE2F5A6C382D}.Release|Any CPU.ActiveCfg = Release|Any CPU
		{89A838CD-9616-47FF-9B98-CE2F5A6C382D}.Release|Any CPU.Build.0 = Release|Any CPU
	EndGlobalSection
	GlobalSection(SolutionProperties) = preSolution
		HideSolutionNode = FALSE
	EndGlobalSection
	GlobalSection(NestedProjects) = preSolution
		{1AB09B91-3739-46CF-8B9E-E08141AA2D1C} = {176836C5-FE97-4C55-B604-A16332BCAF3A}
		{B14CA6DE-3900-4318-8518-84CDA5FE72C8} = {1AB09B91-3739-46CF-8B9E-E08141AA2D1C}
		{09B61A6F-F947-4301-ADD9-AA1E91BB15BE} = {176836C5-FE97-4C55-B604-A16332BCAF3A}
		{6B266E33-2760-4229-91AA-6954119C27A7} = {176836C5-FE97-4C55-B604-A16332BCAF3A}
		{661B4F60-84AA-476C-A27A-1E98CE21CCBA} = {176836C5-FE97-4C55-B604-A16332BCAF3A}
		{942DC288-577D-4B3E-BF4D-4AE2765339AE} = {09B61A6F-F947-4301-ADD9-AA1E91BB15BE}
		{69CA48EA-955D-4627-84DD-AA553EDE0474} = {6B266E33-2760-4229-91AA-6954119C27A7}
		{A5AD45FA-6A4D-459F-884C-7F4463C3648B} = {661B4F60-84AA-476C-A27A-1E98CE21CCBA}
		{6D7021CD-B8EE-42AF-B79E-101DD8040747} = {176836C5-FE97-4C55-B604-A16332BCAF3A}
		{38C02009-2509-49D6-A356-199DC62EB0C6} = {6D7021CD-B8EE-42AF-B79E-101DD8040747}
		{88EBBF43-0173-4470-92B7-4F209B6BF9BC} = {176836C5-FE97-4C55-B604-A16332BCAF3A}
		{749FDB9E-C0F9-4646-ACAE-221D6612080E} = {88EBBF43-0173-4470-92B7-4F209B6BF9BC}
		{1A908C58-A5DD-4D14-9DE0-96E33CEDEE68} = {176836C5-FE97-4C55-B604-A16332BCAF3A}
		{6CDF62ED-CAE7-4406-814E-9FF3567276B0} = {1A908C58-A5DD-4D14-9DE0-96E33CEDEE68}
		{5AEBE1EB-9E80-46FC-AB5B-FE185CF5314A} = {176836C5-FE97-4C55-B604-A16332BCAF3A}
		{EA3748C6-32E1-42EE-A7A1-C0CF7A356373} = {5AEBE1EB-9E80-46FC-AB5B-FE185CF5314A}
		{DF9F1D22-DB70-4A5E-8988-B909F14D7A0F} = {176836C5-FE97-4C55-B604-A16332BCAF3A}
		{82913225-155A-47DE-BDF9-6ABC7AD964F2} = {DF9F1D22-DB70-4A5E-8988-B909F14D7A0F}
		{0A17AFD2-0046-4E6A-9262-0CB29B7BF083} = {176836C5-FE97-4C55-B604-A16332BCAF3A}
		{41658AFE-5F9B-4124-8BC0-4DA7BD956E11} = {0A17AFD2-0046-4E6A-9262-0CB29B7BF083}
		{2B6CD422-3C19-4D88-8D4B-988E2A15DCEF} = {176836C5-FE97-4C55-B604-A16332BCAF3A}
		{4E89E9E2-9ABC-4A69-ABDB-9C2308778DBD} = {2B6CD422-3C19-4D88-8D4B-988E2A15DCEF}
		{4D729AFE-92FE-404D-8F5A-268A1424802A} = {176836C5-FE97-4C55-B604-A16332BCAF3A}
		{54FF5A7E-2CCF-4A49-AC4D-E5D7A6B3CDE9} = {4D729AFE-92FE-404D-8F5A-268A1424802A}
		{001F1148-F3E6-4649-BCF1-818333253CD3} = {176836C5-FE97-4C55-B604-A16332BCAF3A}
		{00E4350A-6AF7-4EB1-B11B-358C2AF808AA} = {001F1148-F3E6-4649-BCF1-818333253CD3}
		{FD2CD47D-8A6F-4AAC-859A-E5DA8F8B74C4} = {176836C5-FE97-4C55-B604-A16332BCAF3A}
		{46441C7E-1C72-432C-9F12-A1FCF4853BFA} = {FD2CD47D-8A6F-4AAC-859A-E5DA8F8B74C4}
		{3CED3D7A-71E7-45C9-AAFD-0AC998C26AB1} = {176836C5-FE97-4C55-B604-A16332BCAF3A}
		{27074CC8-8608-421E-9AF6-082718D6E0B4} = {3CED3D7A-71E7-45C9-AAFD-0AC998C26AB1}
		{9E146118-2B8F-4A06-B313-174BCB270A81} = {176836C5-FE97-4C55-B604-A16332BCAF3A}
		{6B957F79-8644-410C-AD89-8C718ECE2662} = {9E146118-2B8F-4A06-B313-174BCB270A81}
		{D9A47330-B1C4-4149-A399-3D364BC5E071} = {176836C5-FE97-4C55-B604-A16332BCAF3A}
		{AA21C345-CC8F-4ECB-BDF3-1F3E46D9316D} = {D9A47330-B1C4-4149-A399-3D364BC5E071}
		{99A13E4D-44C5-4BE8-8E74-087EF5D3B29B} = {176836C5-FE97-4C55-B604-A16332BCAF3A}
		{FB5DBB93-9A9D-4D3B-B063-1E47DAACED70} = {99A13E4D-44C5-4BE8-8E74-087EF5D3B29B}
		{704C13ED-C40F-45D5-880D-2E36BFAD6391} = {176836C5-FE97-4C55-B604-A16332BCAF3A}
		{8579DF3C-47CF-4E56-964B-66E3804EB46F} = {704C13ED-C40F-45D5-880D-2E36BFAD6391}
		{3F1589F2-CD39-4CFB-A433-86BF29D04B2E} = {176836C5-FE97-4C55-B604-A16332BCAF3A}
		{9B267DAA-A6B8-477E-9F45-39A5C9D56951} = {3F1589F2-CD39-4CFB-A433-86BF29D04B2E}
		{686BC2AE-203A-4D41-8D15-908A6729C1CA} = {176836C5-FE97-4C55-B604-A16332BCAF3A}
		{A3334979-068D-4A10-91D5-2C8FB748FDC6} = {686BC2AE-203A-4D41-8D15-908A6729C1CA}
		{88D66015-5F8E-40FD-86E7-F4EAD59AEBD3} = {176836C5-FE97-4C55-B604-A16332BCAF3A}
		{31B33573-7CBA-49F8-94F7-2AE634937D4F} = {88D66015-5F8E-40FD-86E7-F4EAD59AEBD3}
		{C31D0048-F84A-40EE-B267-5D2E70485FAE} = {176836C5-FE97-4C55-B604-A16332BCAF3A}
		{5ACADD6B-7B1B-4043-9A45-012943A309CD} = {C31D0048-F84A-40EE-B267-5D2E70485FAE}
		{8D9D8501-3B5D-4573-BFE6-3BE1F76A42EB} = {176836C5-FE97-4C55-B604-A16332BCAF3A}
		{AD7BBBFC-45A6-4CCB-9586-DDA531A33E98} = {8D9D8501-3B5D-4573-BFE6-3BE1F76A42EB}
		{215129F0-449D-4412-B606-79B780D0C681} = {176836C5-FE97-4C55-B604-A16332BCAF3A}
		{D9E6067D-3257-42AF-A6FC-F78073E502C0} = {215129F0-449D-4412-B606-79B780D0C681}
		{47C65772-792B-4642-8066-4E1F506E7CC5} = {176836C5-FE97-4C55-B604-A16332BCAF3A}
		{911C2523-314A-4C03-B2C8-54A5FF8CC53B} = {47C65772-792B-4642-8066-4E1F506E7CC5}
		{7F72CA32-D203-4E3D-A86A-C8FAA30CC04C} = {176836C5-FE97-4C55-B604-A16332BCAF3A}
		{45FA3845-947E-4AB9-ABF1-8245644FAF55} = {7F72CA32-D203-4E3D-A86A-C8FAA30CC04C}
		{E1B44C63-F1B7-40DD-B96E-6DD6E898D923} = {176836C5-FE97-4C55-B604-A16332BCAF3A}
		{285C8335-D981-4E90-AFA2-4F03870AC5BF} = {E1B44C63-F1B7-40DD-B96E-6DD6E898D923}
		{1640CD03-A8F5-4068-9571-ADF6EFC3A5F3} = {176836C5-FE97-4C55-B604-A16332BCAF3A}
		{0A121887-103D-4153-9127-29F43B9A409C} = {1640CD03-A8F5-4068-9571-ADF6EFC3A5F3}
		{528B99A4-893A-4F94-9D00-36839DD0F572} = {176836C5-FE97-4C55-B604-A16332BCAF3A}
		{A1309224-54BB-4C21-B5BF-28C358A0212B} = {528B99A4-893A-4F94-9D00-36839DD0F572}
		{BDDD39FF-D91A-474C-8C9F-43E61A1D917A} = {176836C5-FE97-4C55-B604-A16332BCAF3A}
		{05BC280D-F89D-4199-AAC7-6D7B64D495DF} = {BDDD39FF-D91A-474C-8C9F-43E61A1D917A}
		{08E78ACE-F624-41BE-8C7C-BDBFF3BA2EDE} = {176836C5-FE97-4C55-B604-A16332BCAF3A}
		{9E2F659E-F9FE-481B-A169-E98F265814F3} = {08E78ACE-F624-41BE-8C7C-BDBFF3BA2EDE}
	EndGlobalSection
	GlobalSection(ExtensibilityGlobals) = postSolution
		SolutionGuid = {2C891881-BE2D-4CF9-9A7D-BC5313F213B9}
	EndGlobalSection
EndGlobal
