
Microsoft Visual Studio Solution File, Format Version 12.00
# Visual Studio Version 17
VisualStudioVersion = 17.0.31903.59
MinimumVisualStudioVersion = 10.0.40219.1
Project("{9A19103F-16F7-4668-BE54-9A1E7A4F7556}") = "TN_Doc", "TN_Doc\TN_Doc.csproj", "{AB63A695-B448-46B7-93DE-562472610DC6}"
EndProject
Project("{9A19103F-16F7-4668-BE54-9A1E7A4F7556}") = "TN.DocGeneral", "tn.docgeneral\TN.DocGeneral\TN.DocGeneral.csproj", "{E451B9D9-4442-4411-876C-6122F9F05669}"
EndProject
Project("{9A19103F-16F7-4668-BE54-9A1E7A4F7556}") = "Act", "tn.docgeneral\Act\Act.csproj", "{A750D046-47A0-447F-94E4-54FF6B7DD917}"
EndProject
Project("{2150E333-8FDC-42A3-9474-1A3956D46DE8}") = "DocModules", "DocModules", "{6628A906-CC10-41BE-9654-994DBC29DE7E}"
EndProject
Project("{9A19103F-16F7-4668-BE54-9A1E7A4F7556}") = "Jornal", "tn.docgeneral\Jornal\Jornal.csproj", "{2F006172-DE25-4218-B5D9-4D9521852BBB}"
EndProject
Project("{9A19103F-16F7-4668-BE54-9A1E7A4F7556}") = "KMH_MI2816", "tn.docgeneral\KMH_MI2816\KMH_MI2816.csproj", "{DDA98F0C-D442-4AB5-BE3D-4417F10A4422}"
EndProject
Project("{9A19103F-16F7-4668-BE54-9A1E7A4F7556}") = "KMH_MPR_MPR", "tn.docgeneral\KMH_MPR_MPR\KMH_MPR_MPR.csproj", "{DA0921FF-BB0C-47AB-B096-4A9EC750E985}"
EndProject
Project("{9A19103F-16F7-4668-BE54-9A1E7A4F7556}") = "KMH_MPR_PU", "tn.docgeneral\KMH_MPR_PU\KMH_MPR_PU.csproj", "{35542AC3-33E8-486C-A659-62E448A3A817}"
EndProject
Project("{9A19103F-16F7-4668-BE54-9A1E7A4F7556}") = "KMH_MPR_TPR", "tn.docgeneral\KMH_MPR_TPR\KMH_MPR_TPR.csproj", "{1C91A072-B918-4441-81DA-BC2349ACD85E}"
EndProject
Project("{9A19103F-16F7-4668-BE54-9A1E7A4F7556}") = "KMH_PP", "tn.docgeneral\KMH_PP\KMH_PP.csproj", "{BDC5096F-F06C-4247-A6D0-06180861B5B7}"
EndProject
Project("{9A19103F-16F7-4668-BE54-9A1E7A4F7556}") = "KMH_PP_Areom", "tn.docgeneral\KMH_PP_Areom\KMH_PP_Areom.csproj", "{E42180ED-07AD-4B10-A52C-A29BE0C6B9E7}"
EndProject
Project("{9A19103F-16F7-4668-BE54-9A1E7A4F7556}") = "KMH_PR_PR", "tn.docgeneral\KMH_PR_PR\KMH_PR_PR.csproj", "{68999AAC-D2BF-4BDE-8FCF-384EEC620E62}"
EndProject
Project("{9A19103F-16F7-4668-BE54-9A1E7A4F7556}") = "KMH_PR_PU", "tn.docgeneral\KMH_PR_PU\KMH_PR_PU.csproj", "{48523346-F9EE-4ACA-B098-F99927C2A5D0}"
EndProject
Project("{9A19103F-16F7-4668-BE54-9A1E7A4F7556}") = "KMH_PV", "tn.docgeneral\KMH_PV\KMH_PV.csproj", "{DD9573BF-1BED-4425-9298-D78D0F16D5D4}"
EndProject
Project("{9A19103F-16F7-4668-BE54-9A1E7A4F7556}") = "KMH_PW", "tn.docgeneral\KMH_PW\KMH_PW.csproj", "{8761CD19-B90A-4100-86EB-523E2600C35B}"
EndProject
Project("{9A19103F-16F7-4668-BE54-9A1E7A4F7556}") = "KMH3265_PR_PU", "tn.docgeneral\KMH3265_PR_PU\KMH3265_PR_PU.csproj", "{54B8BBDB-10C4-4D58-9A23-14574F4F72B8}"
EndProject
Project("{9A19103F-16F7-4668-BE54-9A1E7A4F7556}") = "KMH3265_UPR_PR", "tn.docgeneral\KMH3265_UPR_PR\KMH3265_UPR_PR.csproj", "{07903BDB-5134-434B-B379-0464293E1B12}"
EndProject
Project("{9A19103F-16F7-4668-BE54-9A1E7A4F7556}") = "KMH3312_PR_PU", "tn.docgeneral\KMH3312_PR_PU\KMH3312_PR_PU.csproj", "{7EA154A4-73CD-4207-B854-435EAD6D2A88}"
EndProject
Project("{9A19103F-16F7-4668-BE54-9A1E7A4F7556}") = "KMH3312_UPR_PR", "tn.docgeneral\KMH3312_UPR_PR\KMH3312_UPR_PR.csproj", "{E01AF891-0A1B-4335-9C9A-6B3ED8A5B493}"
EndProject
Project("{9A19103F-16F7-4668-BE54-9A1E7A4F7556}") = "Passport", "tn.docgeneral\Passport\Passport.csproj", "{DD5E6888-BE8A-4333-9417-B7E9368D8011}"
EndProject
Project("{9A19103F-16F7-4668-BE54-9A1E7A4F7556}") = "Poverka1974", "tn.docgeneral\Poverka1974\Poverka1974.csproj", "{D8904C28-CCB7-4C5C-B095-D8424B236D62}"
EndProject
Project("{9A19103F-16F7-4668-BE54-9A1E7A4F7556}") = "Poverka2816", "tn.docgeneral\Poverka2816\Poverka2816.csproj", "{C43AD2F3-F02C-41FE-B73F-511E88FAE9BD}"
EndProject
Project("{9A19103F-16F7-4668-BE54-9A1E7A4F7556}") = "Poverka3151", "tn.docgeneral\Poverka3151\Poverka3151.csproj", "{D1EAE701-2922-4B63-81E5-49F51E2B72CD}"
EndProject
Project("{9A19103F-16F7-4668-BE54-9A1E7A4F7556}") = "Poverka3189", "tn.docgeneral\Poverka3189\Poverka3189.csproj", "{0957688F-D622-473D-A636-FF14FB8F936A}"
EndProject
Project("{9A19103F-16F7-4668-BE54-9A1E7A4F7556}") = "Poverka3265_PR_PU", "tn.docgeneral\Poverka3265_PR_PU\Poverka3265_PR_PU.csproj", "{EAB92B16-F582-4F61-9A37-390C58976BAF}"
EndProject
Project("{9A19103F-16F7-4668-BE54-9A1E7A4F7556}") = "Poverka3265_UPR_PR", "tn.docgeneral\Poverka3265_UPR_PR\Poverka3265_UPR_PR.csproj", "{BC93B2D8-8714-4C77-BB24-50AA3054B299}"
EndProject
Project("{9A19103F-16F7-4668-BE54-9A1E7A4F7556}") = "KMH3288_MPR_TPR", "tn.docgeneral\KMH3288_MPR_TPR\KMH3288_MPR_TPR.csproj", "{A7E94CD8-DD0A-4DF1-80A7-4961A7F1A8BD}"
EndProject
Project("{9A19103F-16F7-4668-BE54-9A1E7A4F7556}") = "Poverka3265_UPR_PU", "tn.docgeneral\Poverka3265_UPR_PU\Poverka3265_UPR_PU.csproj", "{46A5541F-AFCF-4809-B4BA-3C5DFBB2F981}"
EndProject
Project("{9A19103F-16F7-4668-BE54-9A1E7A4F7556}") = "Poverka3272", "tn.docgeneral\Poverka3272\Poverka3272.csproj", "{F38B5F0A-131F-4E5A-889C-495532EA1E62}"
EndProject
Project("{9A19103F-16F7-4668-BE54-9A1E7A4F7556}") = "Poverka3287", "tn.docgeneral\Poverka3287\Poverka3287.csproj", "{C60739BE-C8EA-4EFF-8DF6-3583312CB456}"
EndProject
Project("{9A19103F-16F7-4668-BE54-9A1E7A4F7556}") = "Poverka3288", "tn.docgeneral\Poverka3288\Poverka3288.csproj", "{C1AEA87C-AAFE-4C74-B2EA-E48AA4461944}"
EndProject
Project("{9A19103F-16F7-4668-BE54-9A1E7A4F7556}") = "Poverka3312_PR_PU", "tn.docgeneral\Poverka3312_PR_PU\Poverka3312_PR_PU.csproj", "{F54A06D2-38B0-472F-A9DD-07BE04A0E1ED}"
EndProject
Project("{9A19103F-16F7-4668-BE54-9A1E7A4F7556}") = "Poverka3312_UPR_PR", "tn.docgeneral\Poverka3312_UPR_PR\Poverka3312_UPR_PR.csproj", "{407A9D1B-E73C-45CA-AF67-F376E5E60F9F}"
EndProject
Project("{9A19103F-16F7-4668-BE54-9A1E7A4F7556}") = "Poverka3380", "tn.docgeneral\Poverka3380\Poverka3380.csproj", "{34D064F4-24C8-42AC-A370-6B92E1C41C2B}"
EndProject
Project("{9A19103F-16F7-4668-BE54-9A1E7A4F7556}") = "Report", "tn.docgeneral\Report\Report.csproj", "{C749A3C8-E113-4652-A254-1044F14952E0}"
EndProject
Project("{9A19103F-16F7-4668-BE54-9A1E7A4F7556}") = "TN.Utils", "tn.docgeneral\tn.utils\TN.Utils\TN.Utils.csproj", "{2C5698E2-0CBA-4E0A-8E73-023D0EFBAFB8}"
EndProject
Project("{9A19103F-16F7-4668-BE54-9A1E7A4F7556}") = "TN_Tools", "tn_toolsfastreport\TN_Tools\TN_Tools.csproj", "{CE15B8E0-9F3E-48CD-A069-E75BA28FEB5E}"
EndProject
Project("{9A19103F-16F7-4668-BE54-9A1E7A4F7556}") = "Poverka3267", "tn.docgeneral\Poverka3267\Poverka3267.csproj", "{A6013896-5A60-4A1E-9CE6-FB1B3C2AD138}"
EndProject
Project("{9A19103F-16F7-4668-BE54-9A1E7A4F7556}") = "Poverka3266", "tn.docgeneral\Poverka3266\Poverka3266.csproj", "{B717FC7D-A225-4A60-8CDF-F92B7B43018E}"
EndProject
Project("{FAE04EC0-301F-11D3-BF4B-00C04F79EFBC}") = "PoverkaSikn425_PR_PU", "tn.docgeneral\PoverkaSikn425_PR_PU\PoverkaSikn425_PR_PU.csproj", "{7C7FBB9A-B19D-48B6-8A1D-950A1261BA3A}"
EndProject
Project("{FAE04EC0-301F-11D3-BF4B-00C04F79EFBC}") = "PoverkaSikn425_PR_PR", "tn.docgeneral\PoverkaSikn425_PR_PR\PoverkaSikn425_PR_PR.csproj", "{8EE240C3-A767-464A-8488-FC57786B2C44}"
EndProject
Project("{FAE04EC0-301F-11D3-BF4B-00C04F79EFBC}") = "KMX_Sikn425_PR_PU", "tn.docgeneral\KMX_Sikn425_PR_PU\KMX_Sikn425_PR_PU.csproj", "{B8683560-7510-43B2-B2F5-C57DD3E585A5}"
EndProject
Project("{FAE04EC0-301F-11D3-BF4B-00C04F79EFBC}") = "KMX_Sikn425_PR_PR", "tn.docgeneral\KMX_Sikn425_PR_PR\KMX_Sikn425_PR_PR.csproj", "{A9A01698-D152-4DA9-9B3C-DB7BCFA9517D}"
EndProject
Project("{2150E333-8FDC-42A3-9474-1A3956D46DE8}") = "Sikn425", "Sikn425", "{A79F5BBE-7C16-45AC-A913-72CE81A1652F}"
EndProject
Project("{FAE04EC0-301F-11D3-BF4B-00C04F79EFBC}") = "CommonSikn425", "tn.docgeneral\CommonSikn425\CommonSikn425.csproj", "{A1E33A59-33C5-4E01-8107-E30076C6FF7C}"
EndProject
Project("{2150E333-8FDC-42A3-9474-1A3956D46DE8}") = "MI1974", "MI1974", "{9F993018-42D1-42E6-89B3-87F6102E5F32}"
EndProject
Project("{FAE04EC0-301F-11D3-BF4B-00C04F79EFBC}") = "Poverka1974_89", "tn.docgeneral\Poverka1974_89\Poverka1974_89.csproj", "{C8DF736C-7672-4746-8AB0-617725055F7E}"
EndProject
Project("{FAE04EC0-301F-11D3-BF4B-00C04F79EFBC}") = "Poverka1974_95", "tn.docgeneral\Poverka1974_95\Poverka1974_95.csproj", "{8E0D1138-650B-40BC-BEF3-877272182A64}"
EndProject
Project("{FAE04EC0-301F-11D3-BF4B-00C04F79EFBC}") = "Poverka1974_04", "tn.docgeneral\Poverka1974_04\Poverka1974_04.csproj", "{A8293167-5FB7-4E42-984E-CC0371A37C26}"
EndProject
Project("{FAE04EC0-301F-11D3-BF4B-00C04F79EFBC}") = "CommonPoverka1974", "tn.docgeneral\CommonPoverka1974\CommonPoverka1974.csproj", "{E0512F28-11CD-4819-BE84-90776C8C8303}"
EndProject
Project("{2150E333-8FDC-42A3-9474-1A3956D46DE8}") = "Tests", "Tests", "{0AB3BF05-4346-4AA6-1389-037BE0695223}"
EndProject
Project("{FAE04EC0-301F-11D3-BF4B-00C04F79EFBC}") = "Tests.Shared", "Tests\Tests.Shared\Tests.Shared.csproj", "{EF7A8FB5-188C-4E65-BCBD-D3FBC5A137D5}"
EndProject
Project("{FAE04EC0-301F-11D3-BF4B-00C04F79EFBC}") = "Tests.Unit", "Tests\Tests.Unit\Tests.Unit.csproj", "{E8B4C00E-34BC-4634-A50F-0DE7D0D0E901}"
EndProject
Project("{FAE04EC0-301F-11D3-BF4B-00C04F79EFBC}") = "Tests.Integration", "Tests\Tests.Integration\Tests.Integration.csproj", "{EE3F4EB5-4BFB-4A82-A7F7-3B6B8C151DDF}"
EndProject
Project("{FAE04EC0-301F-11D3-BF4B-00C04F79EFBC}") = "Tests.E2E", "Tests\Tests.E2E\Tests.E2E.csproj", "{4A4BECBD-0190-4F1B-BDE6-04835D1E3EBB}"
EndProject
Global
	GlobalSection(SolutionConfigurationPlatforms) = preSolution
		Debug|Any CPU = Debug|Any CPU
		Debug|x64 = Debug|x64
		Debug|x86 = Debug|x86
		Release|Any CPU = Release|Any CPU
		Release|x64 = Release|x64
		Release|x86 = Release|x86
	EndGlobalSection
	GlobalSection(ProjectConfigurationPlatforms) = postSolution
		{AB63A695-B448-46B7-93DE-562472610DC6}.Debug|Any CPU.ActiveCfg = Debug|Any CPU
		{AB63A695-B448-46B7-93DE-562472610DC6}.Debug|Any CPU.Build.0 = Debug|Any CPU
		{AB63A695-B448-46B7-93DE-562472610DC6}.Debug|x64.ActiveCfg = Debug|Any CPU
		{AB63A695-B448-46B7-93DE-562472610DC6}.Debug|x64.Build.0 = Debug|Any CPU
		{AB63A695-B448-46B7-93DE-562472610DC6}.Debug|x86.ActiveCfg = Debug|Any CPU
		{AB63A695-B448-46B7-93DE-562472610DC6}.Debug|x86.Build.0 = Debug|Any CPU
		{AB63A695-B448-46B7-93DE-562472610DC6}.Release|Any CPU.ActiveCfg = Release|Any CPU
		{AB63A695-B448-46B7-93DE-562472610DC6}.Release|Any CPU.Build.0 = Release|Any CPU
		{AB63A695-B448-46B7-93DE-562472610DC6}.Release|x64.ActiveCfg = Release|Any CPU
		{AB63A695-B448-46B7-93DE-562472610DC6}.Release|x64.Build.0 = Release|Any CPU
		{AB63A695-B448-46B7-93DE-562472610DC6}.Release|x86.ActiveCfg = Release|Any CPU
		{AB63A695-B448-46B7-93DE-562472610DC6}.Release|x86.Build.0 = Release|Any CPU
		{E451B9D9-4442-4411-876C-6122F9F05669}.Debug|Any CPU.ActiveCfg = Debug|Any CPU
		{E451B9D9-4442-4411-876C-6122F9F05669}.Debug|Any CPU.Build.0 = Debug|Any CPU
		{E451B9D9-4442-4411-876C-6122F9F05669}.Debug|x64.ActiveCfg = Debug|Any CPU
		{E451B9D9-4442-4411-876C-6122F9F05669}.Debug|x64.Build.0 = Debug|Any CPU
		{E451B9D9-4442-4411-876C-6122F9F05669}.Debug|x86.ActiveCfg = Debug|Any CPU
		{E451B9D9-4442-4411-876C-6122F9F05669}.Debug|x86.Build.0 = Debug|Any CPU
		{E451B9D9-4442-4411-876C-6122F9F05669}.Release|Any CPU.ActiveCfg = Release|Any CPU
		{E451B9D9-4442-4411-876C-6122F9F05669}.Release|Any CPU.Build.0 = Release|Any CPU
		{E451B9D9-4442-4411-876C-6122F9F05669}.Release|x64.ActiveCfg = Release|Any CPU
		{E451B9D9-4442-4411-876C-6122F9F05669}.Release|x64.Build.0 = Release|Any CPU
		{E451B9D9-4442-4411-876C-6122F9F05669}.Release|x86.ActiveCfg = Release|Any CPU
		{E451B9D9-4442-4411-876C-6122F9F05669}.Release|x86.Build.0 = Release|Any CPU
		{A750D046-47A0-447F-94E4-54FF6B7DD917}.Debug|Any CPU.ActiveCfg = Debug|Any CPU
		{A750D046-47A0-447F-94E4-54FF6B7DD917}.Debug|Any CPU.Build.0 = Debug|Any CPU
		{A750D046-47A0-447F-94E4-54FF6B7DD917}.Debug|x64.ActiveCfg = Debug|Any CPU
		{A750D046-47A0-447F-94E4-54FF6B7DD917}.Debug|x64.Build.0 = Debug|Any CPU
		{A750D046-47A0-447F-94E4-54FF6B7DD917}.Debug|x86.ActiveCfg = Debug|Any CPU
		{A750D046-47A0-447F-94E4-54FF6B7DD917}.Debug|x86.Build.0 = Debug|Any CPU
		{A750D046-47A0-447F-94E4-54FF6B7DD917}.Release|Any CPU.ActiveCfg = Release|Any CPU
		{A750D046-47A0-447F-94E4-54FF6B7DD917}.Release|Any CPU.Build.0 = Release|Any CPU
		{A750D046-47A0-447F-94E4-54FF6B7DD917}.Release|x64.ActiveCfg = Release|Any CPU
		{A750D046-47A0-447F-94E4-54FF6B7DD917}.Release|x64.Build.0 = Release|Any CPU
		{A750D046-47A0-447F-94E4-54FF6B7DD917}.Release|x86.ActiveCfg = Release|Any CPU
		{A750D046-47A0-447F-94E4-54FF6B7DD917}.Release|x86.Build.0 = Release|Any CPU
		{2F006172-DE25-4218-B5D9-4D9521852BBB}.Debug|Any CPU.ActiveCfg = Debug|Any CPU
		{2F006172-DE25-4218-B5D9-4D9521852BBB}.Debug|Any CPU.Build.0 = Debug|Any CPU
		{2F006172-DE25-4218-B5D9-4D9521852BBB}.Debug|x64.ActiveCfg = Debug|Any CPU
		{2F006172-DE25-4218-B5D9-4D9521852BBB}.Debug|x64.Build.0 = Debug|Any CPU
		{2F006172-DE25-4218-B5D9-4D9521852BBB}.Debug|x86.ActiveCfg = Debug|Any CPU
		{2F006172-DE25-4218-B5D9-4D9521852BBB}.Debug|x86.Build.0 = Debug|Any CPU
		{2F006172-DE25-4218-B5D9-4D9521852BBB}.Release|Any CPU.ActiveCfg = Release|Any CPU
		{2F006172-DE25-4218-B5D9-4D9521852BBB}.Release|Any CPU.Build.0 = Release|Any CPU
		{2F006172-DE25-4218-B5D9-4D9521852BBB}.Release|x64.ActiveCfg = Release|Any CPU
		{2F006172-DE25-4218-B5D9-4D9521852BBB}.Release|x64.Build.0 = Release|Any CPU
		{2F006172-DE25-4218-B5D9-4D9521852BBB}.Release|x86.ActiveCfg = Release|Any CPU
		{2F006172-DE25-4218-B5D9-4D9521852BBB}.Release|x86.Build.0 = Release|Any CPU
		{DDA98F0C-D442-4AB5-BE3D-4417F10A4422}.Debug|Any CPU.ActiveCfg = Debug|Any CPU
		{DDA98F0C-D442-4AB5-BE3D-4417F10A4422}.Debug|Any CPU.Build.0 = Debug|Any CPU
		{DDA98F0C-D442-4AB5-BE3D-4417F10A4422}.Debug|x64.ActiveCfg = Debug|Any CPU
		{DDA98F0C-D442-4AB5-BE3D-4417F10A4422}.Debug|x64.Build.0 = Debug|Any CPU
		{DDA98F0C-D442-4AB5-BE3D-4417F10A4422}.Debug|x86.ActiveCfg = Debug|Any CPU
		{DDA98F0C-D442-4AB5-BE3D-4417F10A4422}.Debug|x86.Build.0 = Debug|Any CPU
		{DDA98F0C-D442-4AB5-BE3D-4417F10A4422}.Release|Any CPU.ActiveCfg = Release|Any CPU
		{DDA98F0C-D442-4AB5-BE3D-4417F10A4422}.Release|Any CPU.Build.0 = Release|Any CPU
		{DDA98F0C-D442-4AB5-BE3D-4417F10A4422}.Release|x64.ActiveCfg = Release|Any CPU
		{DDA98F0C-D442-4AB5-BE3D-4417F10A4422}.Release|x64.Build.0 = Release|Any CPU
		{DDA98F0C-D442-4AB5-BE3D-4417F10A4422}.Release|x86.ActiveCfg = Release|Any CPU
		{DDA98F0C-D442-4AB5-BE3D-4417F10A4422}.Release|x86.Build.0 = Release|Any CPU
		{DA0921FF-BB0C-47AB-B096-4A9EC750E985}.Debug|Any CPU.ActiveCfg = Debug|Any CPU
		{DA0921FF-BB0C-47AB-B096-4A9EC750E985}.Debug|Any CPU.Build.0 = Debug|Any CPU
		{DA0921FF-BB0C-47AB-B096-4A9EC750E985}.Debug|x64.ActiveCfg = Debug|Any CPU
		{DA0921FF-BB0C-47AB-B096-4A9EC750E985}.Debug|x64.Build.0 = Debug|Any CPU
		{DA0921FF-BB0C-47AB-B096-4A9EC750E985}.Debug|x86.ActiveCfg = Debug|Any CPU
		{DA0921FF-BB0C-47AB-B096-4A9EC750E985}.Debug|x86.Build.0 = Debug|Any CPU
		{DA0921FF-BB0C-47AB-B096-4A9EC750E985}.Release|Any CPU.ActiveCfg = Release|Any CPU
		{DA0921FF-BB0C-47AB-B096-4A9EC750E985}.Release|Any CPU.Build.0 = Release|Any CPU
		{DA0921FF-BB0C-47AB-B096-4A9EC750E985}.Release|x64.ActiveCfg = Release|Any CPU
		{DA0921FF-BB0C-47AB-B096-4A9EC750E985}.Release|x64.Build.0 = Release|Any CPU
		{DA0921FF-BB0C-47AB-B096-4A9EC750E985}.Release|x86.ActiveCfg = Release|Any CPU
		{DA0921FF-BB0C-47AB-B096-4A9EC750E985}.Release|x86.Build.0 = Release|Any CPU
		{35542AC3-33E8-486C-A659-62E448A3A817}.Debug|Any CPU.ActiveCfg = Debug|Any CPU
		{35542AC3-33E8-486C-A659-62E448A3A817}.Debug|Any CPU.Build.0 = Debug|Any CPU
		{35542AC3-33E8-486C-A659-62E448A3A817}.Debug|x64.ActiveCfg = Debug|Any CPU
		{35542AC3-33E8-486C-A659-62E448A3A817}.Debug|x64.Build.0 = Debug|Any CPU
		{35542AC3-33E8-486C-A659-62E448A3A817}.Debug|x86.ActiveCfg = Debug|Any CPU
		{35542AC3-33E8-486C-A659-62E448A3A817}.Debug|x86.Build.0 = Debug|Any CPU
		{35542AC3-33E8-486C-A659-62E448A3A817}.Release|Any CPU.ActiveCfg = Release|Any CPU
		{35542AC3-33E8-486C-A659-62E448A3A817}.Release|Any CPU.Build.0 = Release|Any CPU
		{35542AC3-33E8-486C-A659-62E448A3A817}.Release|x64.ActiveCfg = Release|Any CPU
		{35542AC3-33E8-486C-A659-62E448A3A817}.Release|x64.Build.0 = Release|Any CPU
		{35542AC3-33E8-486C-A659-62E448A3A817}.Release|x86.ActiveCfg = Release|Any CPU
		{35542AC3-33E8-486C-A659-62E448A3A817}.Release|x86.Build.0 = Release|Any CPU
		{1C91A072-B918-4441-81DA-BC2349ACD85E}.Debug|Any CPU.ActiveCfg = Debug|Any CPU
		{1C91A072-B918-4441-81DA-BC2349ACD85E}.Debug|Any CPU.Build.0 = Debug|Any CPU
		{1C91A072-B918-4441-81DA-BC2349ACD85E}.Debug|x64.ActiveCfg = Debug|Any CPU
		{1C91A072-B918-4441-81DA-BC2349ACD85E}.Debug|x64.Build.0 = Debug|Any CPU
		{1C91A072-B918-4441-81DA-BC2349ACD85E}.Debug|x86.ActiveCfg = Debug|Any CPU
		{1C91A072-B918-4441-81DA-BC2349ACD85E}.Debug|x86.Build.0 = Debug|Any CPU
		{1C91A072-B918-4441-81DA-BC2349ACD85E}.Release|Any CPU.ActiveCfg = Release|Any CPU
		{1C91A072-B918-4441-81DA-BC2349ACD85E}.Release|Any CPU.Build.0 = Release|Any CPU
		{1C91A072-B918-4441-81DA-BC2349ACD85E}.Release|x64.ActiveCfg = Release|Any CPU
		{1C91A072-B918-4441-81DA-BC2349ACD85E}.Release|x64.Build.0 = Release|Any CPU
		{1C91A072-B918-4441-81DA-BC2349ACD85E}.Release|x86.ActiveCfg = Release|Any CPU
		{1C91A072-B918-4441-81DA-BC2349ACD85E}.Release|x86.Build.0 = Release|Any CPU
		{BDC5096F-F06C-4247-A6D0-06180861B5B7}.Debug|Any CPU.ActiveCfg = Debug|Any CPU
		{BDC5096F-F06C-4247-A6D0-06180861B5B7}.Debug|Any CPU.Build.0 = Debug|Any CPU
		{BDC5096F-F06C-4247-A6D0-06180861B5B7}.Debug|x64.ActiveCfg = Debug|Any CPU
		{BDC5096F-F06C-4247-A6D0-06180861B5B7}.Debug|x64.Build.0 = Debug|Any CPU
		{BDC5096F-F06C-4247-A6D0-06180861B5B7}.Debug|x86.ActiveCfg = Debug|Any CPU
		{BDC5096F-F06C-4247-A6D0-06180861B5B7}.Debug|x86.Build.0 = Debug|Any CPU
		{BDC5096F-F06C-4247-A6D0-06180861B5B7}.Release|Any CPU.ActiveCfg = Release|Any CPU
		{BDC5096F-F06C-4247-A6D0-06180861B5B7}.Release|Any CPU.Build.0 = Release|Any CPU
		{BDC5096F-F06C-4247-A6D0-06180861B5B7}.Release|x64.ActiveCfg = Release|Any CPU
		{BDC5096F-F06C-4247-A6D0-06180861B5B7}.Release|x64.Build.0 = Release|Any CPU
		{BDC5096F-F06C-4247-A6D0-06180861B5B7}.Release|x86.ActiveCfg = Release|Any CPU
		{BDC5096F-F06C-4247-A6D0-06180861B5B7}.Release|x86.Build.0 = Release|Any CPU
		{E42180ED-07AD-4B10-A52C-A29BE0C6B9E7}.Debug|Any CPU.ActiveCfg = Debug|Any CPU
		{E42180ED-07AD-4B10-A52C-A29BE0C6B9E7}.Debug|Any CPU.Build.0 = Debug|Any CPU
		{E42180ED-07AD-4B10-A52C-A29BE0C6B9E7}.Debug|x64.ActiveCfg = Debug|Any CPU
		{E42180ED-07AD-4B10-A52C-A29BE0C6B9E7}.Debug|x64.Build.0 = Debug|Any CPU
		{E42180ED-07AD-4B10-A52C-A29BE0C6B9E7}.Debug|x86.ActiveCfg = Debug|Any CPU
		{E42180ED-07AD-4B10-A52C-A29BE0C6B9E7}.Debug|x86.Build.0 = Debug|Any CPU
		{E42180ED-07AD-4B10-A52C-A29BE0C6B9E7}.Release|Any CPU.ActiveCfg = Release|Any CPU
		{E42180ED-07AD-4B10-A52C-A29BE0C6B9E7}.Release|Any CPU.Build.0 = Release|Any CPU
		{E42180ED-07AD-4B10-A52C-A29BE0C6B9E7}.Release|x64.ActiveCfg = Release|Any CPU
		{E42180ED-07AD-4B10-A52C-A29BE0C6B9E7}.Release|x64.Build.0 = Release|Any CPU
		{E42180ED-07AD-4B10-A52C-A29BE0C6B9E7}.Release|x86.ActiveCfg = Release|Any CPU
		{E42180ED-07AD-4B10-A52C-A29BE0C6B9E7}.Release|x86.Build.0 = Release|Any CPU
		{68999AAC-D2BF-4BDE-8FCF-384EEC620E62}.Debug|Any CPU.ActiveCfg = Debug|Any CPU
		{68999AAC-D2BF-4BDE-8FCF-384EEC620E62}.Debug|Any CPU.Build.0 = Debug|Any CPU
		{68999AAC-D2BF-4BDE-8FCF-384EEC620E62}.Debug|x64.ActiveCfg = Debug|Any CPU
		{68999AAC-D2BF-4BDE-8FCF-384EEC620E62}.Debug|x64.Build.0 = Debug|Any CPU
		{68999AAC-D2BF-4BDE-8FCF-384EEC620E62}.Debug|x86.ActiveCfg = Debug|Any CPU
		{68999AAC-D2BF-4BDE-8FCF-384EEC620E62}.Debug|x86.Build.0 = Debug|Any CPU
		{68999AAC-D2BF-4BDE-8FCF-384EEC620E62}.Release|Any CPU.ActiveCfg = Release|Any CPU
		{68999AAC-D2BF-4BDE-8FCF-384EEC620E62}.Release|Any CPU.Build.0 = Release|Any CPU
		{68999AAC-D2BF-4BDE-8FCF-384EEC620E62}.Release|x64.ActiveCfg = Release|Any CPU
		{68999AAC-D2BF-4BDE-8FCF-384EEC620E62}.Release|x64.Build.0 = Release|Any CPU
		{68999AAC-D2BF-4BDE-8FCF-384EEC620E62}.Release|x86.ActiveCfg = Release|Any CPU
		{68999AAC-D2BF-4BDE-8FCF-384EEC620E62}.Release|x86.Build.0 = Release|Any CPU
		{48523346-F9EE-4ACA-B098-F99927C2A5D0}.Debug|Any CPU.ActiveCfg = Debug|Any CPU
		{48523346-F9EE-4ACA-B098-F99927C2A5D0}.Debug|Any CPU.Build.0 = Debug|Any CPU
		{48523346-F9EE-4ACA-B098-F99927C2A5D0}.Debug|x64.ActiveCfg = Debug|Any CPU
		{48523346-F9EE-4ACA-B098-F99927C2A5D0}.Debug|x64.Build.0 = Debug|Any CPU
		{48523346-F9EE-4ACA-B098-F99927C2A5D0}.Debug|x86.ActiveCfg = Debug|Any CPU
		{48523346-F9EE-4ACA-B098-F99927C2A5D0}.Debug|x86.Build.0 = Debug|Any CPU
		{48523346-F9EE-4ACA-B098-F99927C2A5D0}.Release|Any CPU.ActiveCfg = Release|Any CPU
		{48523346-F9EE-4ACA-B098-F99927C2A5D0}.Release|Any CPU.Build.0 = Release|Any CPU
		{48523346-F9EE-4ACA-B098-F99927C2A5D0}.Release|x64.ActiveCfg = Release|Any CPU
		{48523346-F9EE-4ACA-B098-F99927C2A5D0}.Release|x64.Build.0 = Release|Any CPU
		{48523346-F9EE-4ACA-B098-F99927C2A5D0}.Release|x86.ActiveCfg = Release|Any CPU
		{48523346-F9EE-4ACA-B098-F99927C2A5D0}.Release|x86.Build.0 = Release|Any CPU
		{DD9573BF-1BED-4425-9298-D78D0F16D5D4}.Debug|Any CPU.ActiveCfg = Debug|Any CPU
		{DD9573BF-1BED-4425-9298-D78D0F16D5D4}.Debug|Any CPU.Build.0 = Debug|Any CPU
		{DD9573BF-1BED-4425-9298-D78D0F16D5D4}.Debug|x64.ActiveCfg = Debug|Any CPU
		{DD9573BF-1BED-4425-9298-D78D0F16D5D4}.Debug|x64.Build.0 = Debug|Any CPU
		{DD9573BF-1BED-4425-9298-D78D0F16D5D4}.Debug|x86.ActiveCfg = Debug|Any CPU
		{DD9573BF-1BED-4425-9298-D78D0F16D5D4}.Debug|x86.Build.0 = Debug|Any CPU
		{DD9573BF-1BED-4425-9298-D78D0F16D5D4}.Release|Any CPU.ActiveCfg = Release|Any CPU
		{DD9573BF-1BED-4425-9298-D78D0F16D5D4}.Release|Any CPU.Build.0 = Release|Any CPU
		{DD9573BF-1BED-4425-9298-D78D0F16D5D4}.Release|x64.ActiveCfg = Release|Any CPU
		{DD9573BF-1BED-4425-9298-D78D0F16D5D4}.Release|x64.Build.0 = Release|Any CPU
		{DD9573BF-1BED-4425-9298-D78D0F16D5D4}.Release|x86.ActiveCfg = Release|Any CPU
		{DD9573BF-1BED-4425-9298-D78D0F16D5D4}.Release|x86.Build.0 = Release|Any CPU
		{8761CD19-B90A-4100-86EB-523E2600C35B}.Debug|Any CPU.ActiveCfg = Debug|Any CPU
		{8761CD19-B90A-4100-86EB-523E2600C35B}.Debug|Any CPU.Build.0 = Debug|Any CPU
		{8761CD19-B90A-4100-86EB-523E2600C35B}.Debug|x64.ActiveCfg = Debug|Any CPU
		{8761CD19-B90A-4100-86EB-523E2600C35B}.Debug|x64.Build.0 = Debug|Any CPU
		{8761CD19-B90A-4100-86EB-523E2600C35B}.Debug|x86.ActiveCfg = Debug|Any CPU
		{8761CD19-B90A-4100-86EB-523E2600C35B}.Debug|x86.Build.0 = Debug|Any CPU
		{8761CD19-B90A-4100-86EB-523E2600C35B}.Release|Any CPU.ActiveCfg = Release|Any CPU
		{8761CD19-B90A-4100-86EB-523E2600C35B}.Release|Any CPU.Build.0 = Release|Any CPU
		{8761CD19-B90A-4100-86EB-523E2600C35B}.Release|x64.ActiveCfg = Release|Any CPU
		{8761CD19-B90A-4100-86EB-523E2600C35B}.Release|x64.Build.0 = Release|Any CPU
		{8761CD19-B90A-4100-86EB-523E2600C35B}.Release|x86.ActiveCfg = Release|Any CPU
		{8761CD19-B90A-4100-86EB-523E2600C35B}.Release|x86.Build.0 = Release|Any CPU
		{54B8BBDB-10C4-4D58-9A23-14574F4F72B8}.Debug|Any CPU.ActiveCfg = Debug|Any CPU
		{54B8BBDB-10C4-4D58-9A23-14574F4F72B8}.Debug|Any CPU.Build.0 = Debug|Any CPU
		{54B8BBDB-10C4-4D58-9A23-14574F4F72B8}.Debug|x64.ActiveCfg = Debug|Any CPU
		{54B8BBDB-10C4-4D58-9A23-14574F4F72B8}.Debug|x64.Build.0 = Debug|Any CPU
		{54B8BBDB-10C4-4D58-9A23-14574F4F72B8}.Debug|x86.ActiveCfg = Debug|Any CPU
		{54B8BBDB-10C4-4D58-9A23-14574F4F72B8}.Debug|x86.Build.0 = Debug|Any CPU
		{54B8BBDB-10C4-4D58-9A23-14574F4F72B8}.Release|Any CPU.ActiveCfg = Release|Any CPU
		{54B8BBDB-10C4-4D58-9A23-14574F4F72B8}.Release|Any CPU.Build.0 = Release|Any CPU
		{54B8BBDB-10C4-4D58-9A23-14574F4F72B8}.Release|x64.ActiveCfg = Release|Any CPU
		{54B8BBDB-10C4-4D58-9A23-14574F4F72B8}.Release|x64.Build.0 = Release|Any CPU
		{54B8BBDB-10C4-4D58-9A23-14574F4F72B8}.Release|x86.ActiveCfg = Release|Any CPU
		{54B8BBDB-10C4-4D58-9A23-14574F4F72B8}.Release|x86.Build.0 = Release|Any CPU
		{07903BDB-5134-434B-B379-0464293E1B12}.Debug|Any CPU.ActiveCfg = Debug|Any CPU
		{07903BDB-5134-434B-B379-0464293E1B12}.Debug|Any CPU.Build.0 = Debug|Any CPU
		{07903BDB-5134-434B-B379-0464293E1B12}.Debug|x64.ActiveCfg = Debug|Any CPU
		{07903BDB-5134-434B-B379-0464293E1B12}.Debug|x64.Build.0 = Debug|Any CPU
		{07903BDB-5134-434B-B379-0464293E1B12}.Debug|x86.ActiveCfg = Debug|Any CPU
		{07903BDB-5134-434B-B379-0464293E1B12}.Debug|x86.Build.0 = Debug|Any CPU
		{07903BDB-5134-434B-B379-0464293E1B12}.Release|Any CPU.ActiveCfg = Release|Any CPU
		{07903BDB-5134-434B-B379-0464293E1B12}.Release|Any CPU.Build.0 = Release|Any CPU
		{07903BDB-5134-434B-B379-0464293E1B12}.Release|x64.ActiveCfg = Release|Any CPU
		{07903BDB-5134-434B-B379-0464293E1B12}.Release|x64.Build.0 = Release|Any CPU
		{07903BDB-5134-434B-B379-0464293E1B12}.Release|x86.ActiveCfg = Release|Any CPU
		{07903BDB-5134-434B-B379-0464293E1B12}.Release|x86.Build.0 = Release|Any CPU
		{7EA154A4-73CD-4207-B854-435EAD6D2A88}.Debug|Any CPU.ActiveCfg = Debug|Any CPU
		{7EA154A4-73CD-4207-B854-435EAD6D2A88}.Debug|Any CPU.Build.0 = Debug|Any CPU
		{7EA154A4-73CD-4207-B854-435EAD6D2A88}.Debug|x64.ActiveCfg = Debug|Any CPU
		{7EA154A4-73CD-4207-B854-435EAD6D2A88}.Debug|x64.Build.0 = Debug|Any CPU
		{7EA154A4-73CD-4207-B854-435EAD6D2A88}.Debug|x86.ActiveCfg = Debug|Any CPU
		{7EA154A4-73CD-4207-B854-435EAD6D2A88}.Debug|x86.Build.0 = Debug|Any CPU
		{7EA154A4-73CD-4207-B854-435EAD6D2A88}.Release|Any CPU.ActiveCfg = Release|Any CPU
		{7EA154A4-73CD-4207-B854-435EAD6D2A88}.Release|Any CPU.Build.0 = Release|Any CPU
		{7EA154A4-73CD-4207-B854-435EAD6D2A88}.Release|x64.ActiveCfg = Release|Any CPU
		{7EA154A4-73CD-4207-B854-435EAD6D2A88}.Release|x64.Build.0 = Release|Any CPU
		{7EA154A4-73CD-4207-B854-435EAD6D2A88}.Release|x86.ActiveCfg = Release|Any CPU
		{7EA154A4-73CD-4207-B854-435EAD6D2A88}.Release|x86.Build.0 = Release|Any CPU
		{E01AF891-0A1B-4335-9C9A-6B3ED8A5B493}.Debug|Any CPU.ActiveCfg = Debug|Any CPU
		{E01AF891-0A1B-4335-9C9A-6B3ED8A5B493}.Debug|Any CPU.Build.0 = Debug|Any CPU
		{E01AF891-0A1B-4335-9C9A-6B3ED8A5B493}.Debug|x64.ActiveCfg = Debug|Any CPU
		{E01AF891-0A1B-4335-9C9A-6B3ED8A5B493}.Debug|x64.Build.0 = Debug|Any CPU
		{E01AF891-0A1B-4335-9C9A-6B3ED8A5B493}.Debug|x86.ActiveCfg = Debug|Any CPU
		{E01AF891-0A1B-4335-9C9A-6B3ED8A5B493}.Debug|x86.Build.0 = Debug|Any CPU
		{E01AF891-0A1B-4335-9C9A-6B3ED8A5B493}.Release|Any CPU.ActiveCfg = Release|Any CPU
		{E01AF891-0A1B-4335-9C9A-6B3ED8A5B493}.Release|Any CPU.Build.0 = Release|Any CPU
		{E01AF891-0A1B-4335-9C9A-6B3ED8A5B493}.Release|x64.ActiveCfg = Release|Any CPU
		{E01AF891-0A1B-4335-9C9A-6B3ED8A5B493}.Release|x64.Build.0 = Release|Any CPU
		{E01AF891-0A1B-4335-9C9A-6B3ED8A5B493}.Release|x86.ActiveCfg = Release|Any CPU
		{E01AF891-0A1B-4335-9C9A-6B3ED8A5B493}.Release|x86.Build.0 = Release|Any CPU
		{DD5E6888-BE8A-4333-9417-B7E9368D8011}.Debug|Any CPU.ActiveCfg = Debug|Any CPU
		{DD5E6888-BE8A-4333-9417-B7E9368D8011}.Debug|Any CPU.Build.0 = Debug|Any CPU
		{DD5E6888-BE8A-4333-9417-B7E9368D8011}.Debug|x64.ActiveCfg = Debug|Any CPU
		{DD5E6888-BE8A-4333-9417-B7E9368D8011}.Debug|x64.Build.0 = Debug|Any CPU
		{DD5E6888-BE8A-4333-9417-B7E9368D8011}.Debug|x86.ActiveCfg = Debug|Any CPU
		{DD5E6888-BE8A-4333-9417-B7E9368D8011}.Debug|x86.Build.0 = Debug|Any CPU
		{DD5E6888-BE8A-4333-9417-B7E9368D8011}.Release|Any CPU.ActiveCfg = Release|Any CPU
		{DD5E6888-BE8A-4333-9417-B7E9368D8011}.Release|Any CPU.Build.0 = Release|Any CPU
		{DD5E6888-BE8A-4333-9417-B7E9368D8011}.Release|x64.ActiveCfg = Release|Any CPU
		{DD5E6888-BE8A-4333-9417-B7E9368D8011}.Release|x64.Build.0 = Release|Any CPU
		{DD5E6888-BE8A-4333-9417-B7E9368D8011}.Release|x86.ActiveCfg = Release|Any CPU
		{DD5E6888-BE8A-4333-9417-B7E9368D8011}.Release|x86.Build.0 = Release|Any CPU
		{D8904C28-CCB7-4C5C-B095-D8424B236D62}.Debug|Any CPU.ActiveCfg = Debug|Any CPU
		{D8904C28-CCB7-4C5C-B095-D8424B236D62}.Debug|Any CPU.Build.0 = Debug|Any CPU
		{D8904C28-CCB7-4C5C-B095-D8424B236D62}.Debug|x64.ActiveCfg = Debug|Any CPU
		{D8904C28-CCB7-4C5C-B095-D8424B236D62}.Debug|x64.Build.0 = Debug|Any CPU
		{D8904C28-CCB7-4C5C-B095-D8424B236D62}.Debug|x86.ActiveCfg = Debug|Any CPU
		{D8904C28-CCB7-4C5C-B095-D8424B236D62}.Debug|x86.Build.0 = Debug|Any CPU
		{D8904C28-CCB7-4C5C-B095-D8424B236D62}.Release|Any CPU.ActiveCfg = Release|Any CPU
		{D8904C28-CCB7-4C5C-B095-D8424B236D62}.Release|Any CPU.Build.0 = Release|Any CPU
		{D8904C28-CCB7-4C5C-B095-D8424B236D62}.Release|x64.ActiveCfg = Release|Any CPU
		{D8904C28-CCB7-4C5C-B095-D8424B236D62}.Release|x64.Build.0 = Release|Any CPU
		{D8904C28-CCB7-4C5C-B095-D8424B236D62}.Release|x86.ActiveCfg = Release|Any CPU
		{D8904C28-CCB7-4C5C-B095-D8424B236D62}.Release|x86.Build.0 = Release|Any CPU
		{C43AD2F3-F02C-41FE-B73F-511E88FAE9BD}.Debug|Any CPU.ActiveCfg = Debug|Any CPU
		{C43AD2F3-F02C-41FE-B73F-511E88FAE9BD}.Debug|Any CPU.Build.0 = Debug|Any CPU
		{C43AD2F3-F02C-41FE-B73F-511E88FAE9BD}.Debug|x64.ActiveCfg = Debug|Any CPU
		{C43AD2F3-F02C-41FE-B73F-511E88FAE9BD}.Debug|x64.Build.0 = Debug|Any CPU
		{C43AD2F3-F02C-41FE-B73F-511E88FAE9BD}.Debug|x86.ActiveCfg = Debug|Any CPU
		{C43AD2F3-F02C-41FE-B73F-511E88FAE9BD}.Debug|x86.Build.0 = Debug|Any CPU
		{C43AD2F3-F02C-41FE-B73F-511E88FAE9BD}.Release|Any CPU.ActiveCfg = Release|Any CPU
		{C43AD2F3-F02C-41FE-B73F-511E88FAE9BD}.Release|Any CPU.Build.0 = Release|Any CPU
		{C43AD2F3-F02C-41FE-B73F-511E88FAE9BD}.Release|x64.ActiveCfg = Release|Any CPU
		{C43AD2F3-F02C-41FE-B73F-511E88FAE9BD}.Release|x64.Build.0 = Release|Any CPU
		{C43AD2F3-F02C-41FE-B73F-511E88FAE9BD}.Release|x86.ActiveCfg = Release|Any CPU
		{C43AD2F3-F02C-41FE-B73F-511E88FAE9BD}.Release|x86.Build.0 = Release|Any CPU
		{D1EAE701-2922-4B63-81E5-49F51E2B72CD}.Debug|Any CPU.ActiveCfg = Debug|Any CPU
		{D1EAE701-2922-4B63-81E5-49F51E2B72CD}.Debug|Any CPU.Build.0 = Debug|Any CPU
		{D1EAE701-2922-4B63-81E5-49F51E2B72CD}.Debug|x64.ActiveCfg = Debug|Any CPU
		{D1EAE701-2922-4B63-81E5-49F51E2B72CD}.Debug|x64.Build.0 = Debug|Any CPU
		{D1EAE701-2922-4B63-81E5-49F51E2B72CD}.Debug|x86.ActiveCfg = Debug|Any CPU
		{D1EAE701-2922-4B63-81E5-49F51E2B72CD}.Debug|x86.Build.0 = Debug|Any CPU
		{D1EAE701-2922-4B63-81E5-49F51E2B72CD}.Release|Any CPU.ActiveCfg = Release|Any CPU
		{D1EAE701-2922-4B63-81E5-49F51E2B72CD}.Release|Any CPU.Build.0 = Release|Any CPU
		{D1EAE701-2922-4B63-81E5-49F51E2B72CD}.Release|x64.ActiveCfg = Release|Any CPU
		{D1EAE701-2922-4B63-81E5-49F51E2B72CD}.Release|x64.Build.0 = Release|Any CPU
		{D1EAE701-2922-4B63-81E5-49F51E2B72CD}.Release|x86.ActiveCfg = Release|Any CPU
		{D1EAE701-2922-4B63-81E5-49F51E2B72CD}.Release|x86.Build.0 = Release|Any CPU
		{0957688F-D622-473D-A636-FF14FB8F936A}.Debug|Any CPU.ActiveCfg = Debug|Any CPU
		{0957688F-D622-473D-A636-FF14FB8F936A}.Debug|Any CPU.Build.0 = Debug|Any CPU
		{0957688F-D622-473D-A636-FF14FB8F936A}.Debug|x64.ActiveCfg = Debug|Any CPU
		{0957688F-D622-473D-A636-FF14FB8F936A}.Debug|x64.Build.0 = Debug|Any CPU
		{0957688F-D622-473D-A636-FF14FB8F936A}.Debug|x86.ActiveCfg = Debug|Any CPU
		{0957688F-D622-473D-A636-FF14FB8F936A}.Debug|x86.Build.0 = Debug|Any CPU
		{0957688F-D622-473D-A636-FF14FB8F936A}.Release|Any CPU.ActiveCfg = Release|Any CPU
		{0957688F-D622-473D-A636-FF14FB8F936A}.Release|Any CPU.Build.0 = Release|Any CPU
		{0957688F-D622-473D-A636-FF14FB8F936A}.Release|x64.ActiveCfg = Release|Any CPU
		{0957688F-D622-473D-A636-FF14FB8F936A}.Release|x64.Build.0 = Release|Any CPU
		{0957688F-D622-473D-A636-FF14FB8F936A}.Release|x86.ActiveCfg = Release|Any CPU
		{0957688F-D622-473D-A636-FF14FB8F936A}.Release|x86.Build.0 = Release|Any CPU
		{EAB92B16-F582-4F61-9A37-390C58976BAF}.Debug|Any CPU.ActiveCfg = Debug|Any CPU
		{EAB92B16-F582-4F61-9A37-390C58976BAF}.Debug|Any CPU.Build.0 = Debug|Any CPU
		{EAB92B16-F582-4F61-9A37-390C58976BAF}.Debug|x64.ActiveCfg = Debug|Any CPU
		{EAB92B16-F582-4F61-9A37-390C58976BAF}.Debug|x64.Build.0 = Debug|Any CPU
		{EAB92B16-F582-4F61-9A37-390C58976BAF}.Debug|x86.ActiveCfg = Debug|Any CPU
		{EAB92B16-F582-4F61-9A37-390C58976BAF}.Debug|x86.Build.0 = Debug|Any CPU
		{EAB92B16-F582-4F61-9A37-390C58976BAF}.Release|Any CPU.ActiveCfg = Release|Any CPU
		{EAB92B16-F582-4F61-9A37-390C58976BAF}.Release|Any CPU.Build.0 = Release|Any CPU
		{EAB92B16-F582-4F61-9A37-390C58976BAF}.Release|x64.ActiveCfg = Release|Any CPU
		{EAB92B16-F582-4F61-9A37-390C58976BAF}.Release|x64.Build.0 = Release|Any CPU
		{EAB92B16-F582-4F61-9A37-390C58976BAF}.Release|x86.ActiveCfg = Release|Any CPU
		{EAB92B16-F582-4F61-9A37-390C58976BAF}.Release|x86.Build.0 = Release|Any CPU
		{BC93B2D8-8714-4C77-BB24-50AA3054B299}.Debug|Any CPU.ActiveCfg = Debug|Any CPU
		{BC93B2D8-8714-4C77-BB24-50AA3054B299}.Debug|Any CPU.Build.0 = Debug|Any CPU
		{BC93B2D8-8714-4C77-BB24-50AA3054B299}.Debug|x64.ActiveCfg = Debug|Any CPU
		{BC93B2D8-8714-4C77-BB24-50AA3054B299}.Debug|x64.Build.0 = Debug|Any CPU
		{BC93B2D8-8714-4C77-BB24-50AA3054B299}.Debug|x86.ActiveCfg = Debug|Any CPU
		{BC93B2D8-8714-4C77-BB24-50AA3054B299}.Debug|x86.Build.0 = Debug|Any CPU
		{BC93B2D8-8714-4C77-BB24-50AA3054B299}.Release|Any CPU.ActiveCfg = Release|Any CPU
		{BC93B2D8-8714-4C77-BB24-50AA3054B299}.Release|Any CPU.Build.0 = Release|Any CPU
		{BC93B2D8-8714-4C77-BB24-50AA3054B299}.Release|x64.ActiveCfg = Release|Any CPU
		{BC93B2D8-8714-4C77-BB24-50AA3054B299}.Release|x64.Build.0 = Release|Any CPU
		{BC93B2D8-8714-4C77-BB24-50AA3054B299}.Release|x86.ActiveCfg = Release|Any CPU
		{BC93B2D8-8714-4C77-BB24-50AA3054B299}.Release|x86.Build.0 = Release|Any CPU
		{A7E94CD8-DD0A-4DF1-80A7-4961A7F1A8BD}.Debug|Any CPU.ActiveCfg = Debug|Any CPU
		{A7E94CD8-DD0A-4DF1-80A7-4961A7F1A8BD}.Debug|Any CPU.Build.0 = Debug|Any CPU
		{A7E94CD8-DD0A-4DF1-80A7-4961A7F1A8BD}.Debug|x64.ActiveCfg = Debug|Any CPU
		{A7E94CD8-DD0A-4DF1-80A7-4961A7F1A8BD}.Debug|x64.Build.0 = Debug|Any CPU
		{A7E94CD8-DD0A-4DF1-80A7-4961A7F1A8BD}.Debug|x86.ActiveCfg = Debug|Any CPU
		{A7E94CD8-DD0A-4DF1-80A7-4961A7F1A8BD}.Debug|x86.Build.0 = Debug|Any CPU
		{A7E94CD8-DD0A-4DF1-80A7-4961A7F1A8BD}.Release|Any CPU.ActiveCfg = Release|Any CPU
		{A7E94CD8-DD0A-4DF1-80A7-4961A7F1A8BD}.Release|Any CPU.Build.0 = Release|Any CPU
		{A7E94CD8-DD0A-4DF1-80A7-4961A7F1A8BD}.Release|x64.ActiveCfg = Release|Any CPU
		{A7E94CD8-DD0A-4DF1-80A7-4961A7F1A8BD}.Release|x64.Build.0 = Release|Any CPU
		{A7E94CD8-DD0A-4DF1-80A7-4961A7F1A8BD}.Release|x86.ActiveCfg = Release|Any CPU
		{A7E94CD8-DD0A-4DF1-80A7-4961A7F1A8BD}.Release|x86.Build.0 = Release|Any CPU
		{46A5541F-AFCF-4809-B4BA-3C5DFBB2F981}.Debug|Any CPU.ActiveCfg = Debug|Any CPU
		{46A5541F-AFCF-4809-B4BA-3C5DFBB2F981}.Debug|Any CPU.Build.0 = Debug|Any CPU
		{46A5541F-AFCF-4809-B4BA-3C5DFBB2F981}.Debug|x64.ActiveCfg = Debug|Any CPU
		{46A5541F-AFCF-4809-B4BA-3C5DFBB2F981}.Debug|x64.Build.0 = Debug|Any CPU
		{46A5541F-AFCF-4809-B4BA-3C5DFBB2F981}.Debug|x86.ActiveCfg = Debug|Any CPU
		{46A5541F-AFCF-4809-B4BA-3C5DFBB2F981}.Debug|x86.Build.0 = Debug|Any CPU
		{46A5541F-AFCF-4809-B4BA-3C5DFBB2F981}.Release|Any CPU.ActiveCfg = Release|Any CPU
		{46A5541F-AFCF-4809-B4BA-3C5DFBB2F981}.Release|Any CPU.Build.0 = Release|Any CPU
		{46A5541F-AFCF-4809-B4BA-3C5DFBB2F981}.Release|x64.ActiveCfg = Release|Any CPU
		{46A5541F-AFCF-4809-B4BA-3C5DFBB2F981}.Release|x64.Build.0 = Release|Any CPU
		{46A5541F-AFCF-4809-B4BA-3C5DFBB2F981}.Release|x86.ActiveCfg = Release|Any CPU
		{46A5541F-AFCF-4809-B4BA-3C5DFBB2F981}.Release|x86.Build.0 = Release|Any CPU
		{F38B5F0A-131F-4E5A-889C-495532EA1E62}.Debug|Any CPU.ActiveCfg = Debug|Any CPU
		{F38B5F0A-131F-4E5A-889C-495532EA1E62}.Debug|Any CPU.Build.0 = Debug|Any CPU
		{F38B5F0A-131F-4E5A-889C-495532EA1E62}.Debug|x64.ActiveCfg = Debug|Any CPU
		{F38B5F0A-131F-4E5A-889C-495532EA1E62}.Debug|x64.Build.0 = Debug|Any CPU
		{F38B5F0A-131F-4E5A-889C-495532EA1E62}.Debug|x86.ActiveCfg = Debug|Any CPU
		{F38B5F0A-131F-4E5A-889C-495532EA1E62}.Debug|x86.Build.0 = Debug|Any CPU
		{F38B5F0A-131F-4E5A-889C-495532EA1E62}.Release|Any CPU.ActiveCfg = Release|Any CPU
		{F38B5F0A-131F-4E5A-889C-495532EA1E62}.Release|Any CPU.Build.0 = Release|Any CPU
		{F38B5F0A-131F-4E5A-889C-495532EA1E62}.Release|x64.ActiveCfg = Release|Any CPU
		{F38B5F0A-131F-4E5A-889C-495532EA1E62}.Release|x64.Build.0 = Release|Any CPU
		{F38B5F0A-131F-4E5A-889C-495532EA1E62}.Release|x86.ActiveCfg = Release|Any CPU
		{F38B5F0A-131F-4E5A-889C-495532EA1E62}.Release|x86.Build.0 = Release|Any CPU
		{C60739BE-C8EA-4EFF-8DF6-3583312CB456}.Debug|Any CPU.ActiveCfg = Debug|Any CPU
		{C60739BE-C8EA-4EFF-8DF6-3583312CB456}.Debug|Any CPU.Build.0 = Debug|Any CPU
		{C60739BE-C8EA-4EFF-8DF6-3583312CB456}.Debug|x64.ActiveCfg = Debug|Any CPU
		{C60739BE-C8EA-4EFF-8DF6-3583312CB456}.Debug|x64.Build.0 = Debug|Any CPU
		{C60739BE-C8EA-4EFF-8DF6-3583312CB456}.Debug|x86.ActiveCfg = Debug|Any CPU
		{C60739BE-C8EA-4EFF-8DF6-3583312CB456}.Debug|x86.Build.0 = Debug|Any CPU
		{C60739BE-C8EA-4EFF-8DF6-3583312CB456}.Release|Any CPU.ActiveCfg = Release|Any CPU
		{C60739BE-C8EA-4EFF-8DF6-3583312CB456}.Release|Any CPU.Build.0 = Release|Any CPU
		{C60739BE-C8EA-4EFF-8DF6-3583312CB456}.Release|x64.ActiveCfg = Release|Any CPU
		{C60739BE-C8EA-4EFF-8DF6-3583312CB456}.Release|x64.Build.0 = Release|Any CPU
		{C60739BE-C8EA-4EFF-8DF6-3583312CB456}.Release|x86.ActiveCfg = Release|Any CPU
		{C60739BE-C8EA-4EFF-8DF6-3583312CB456}.Release|x86.Build.0 = Release|Any CPU
		{C1AEA87C-AAFE-4C74-B2EA-E48AA4461944}.Debug|Any CPU.ActiveCfg = Debug|Any CPU
		{C1AEA87C-AAFE-4C74-B2EA-E48AA4461944}.Debug|Any CPU.Build.0 = Debug|Any CPU
		{C1AEA87C-AAFE-4C74-B2EA-E48AA4461944}.Debug|x64.ActiveCfg = Debug|Any CPU
		{C1AEA87C-AAFE-4C74-B2EA-E48AA4461944}.Debug|x64.Build.0 = Debug|Any CPU
		{C1AEA87C-AAFE-4C74-B2EA-E48AA4461944}.Debug|x86.ActiveCfg = Debug|Any CPU
		{C1AEA87C-AAFE-4C74-B2EA-E48AA4461944}.Debug|x86.Build.0 = Debug|Any CPU
		{C1AEA87C-AAFE-4C74-B2EA-E48AA4461944}.Release|Any CPU.ActiveCfg = Release|Any CPU
		{C1AEA87C-AAFE-4C74-B2EA-E48AA4461944}.Release|Any CPU.Build.0 = Release|Any CPU
		{C1AEA87C-AAFE-4C74-B2EA-E48AA4461944}.Release|x64.ActiveCfg = Release|Any CPU
		{C1AEA87C-AAFE-4C74-B2EA-E48AA4461944}.Release|x64.Build.0 = Release|Any CPU
		{C1AEA87C-AAFE-4C74-B2EA-E48AA4461944}.Release|x86.ActiveCfg = Release|Any CPU
		{C1AEA87C-AAFE-4C74-B2EA-E48AA4461944}.Release|x86.Build.0 = Release|Any CPU
		{F54A06D2-38B0-472F-A9DD-07BE04A0E1ED}.Debug|Any CPU.ActiveCfg = Debug|Any CPU
		{F54A06D2-38B0-472F-A9DD-07BE04A0E1ED}.Debug|Any CPU.Build.0 = Debug|Any CPU
		{F54A06D2-38B0-472F-A9DD-07BE04A0E1ED}.Debug|x64.ActiveCfg = Debug|Any CPU
		{F54A06D2-38B0-472F-A9DD-07BE04A0E1ED}.Debug|x64.Build.0 = Debug|Any CPU
		{F54A06D2-38B0-472F-A9DD-07BE04A0E1ED}.Debug|x86.ActiveCfg = Debug|Any CPU
		{F54A06D2-38B0-472F-A9DD-07BE04A0E1ED}.Debug|x86.Build.0 = Debug|Any CPU
		{F54A06D2-38B0-472F-A9DD-07BE04A0E1ED}.Release|Any CPU.ActiveCfg = Release|Any CPU
		{F54A06D2-38B0-472F-A9DD-07BE04A0E1ED}.Release|Any CPU.Build.0 = Release|Any CPU
		{F54A06D2-38B0-472F-A9DD-07BE04A0E1ED}.Release|x64.ActiveCfg = Release|Any CPU
		{F54A06D2-38B0-472F-A9DD-07BE04A0E1ED}.Release|x64.Build.0 = Release|Any CPU
		{F54A06D2-38B0-472F-A9DD-07BE04A0E1ED}.Release|x86.ActiveCfg = Release|Any CPU
		{F54A06D2-38B0-472F-A9DD-07BE04A0E1ED}.Release|x86.Build.0 = Release|Any CPU
		{407A9D1B-E73C-45CA-AF67-F376E5E60F9F}.Debug|Any CPU.ActiveCfg = Debug|Any CPU
		{407A9D1B-E73C-45CA-AF67-F376E5E60F9F}.Debug|Any CPU.Build.0 = Debug|Any CPU
		{407A9D1B-E73C-45CA-AF67-F376E5E60F9F}.Debug|x64.ActiveCfg = Debug|Any CPU
		{407A9D1B-E73C-45CA-AF67-F376E5E60F9F}.Debug|x64.Build.0 = Debug|Any CPU
		{407A9D1B-E73C-45CA-AF67-F376E5E60F9F}.Debug|x86.ActiveCfg = Debug|Any CPU
		{407A9D1B-E73C-45CA-AF67-F376E5E60F9F}.Debug|x86.Build.0 = Debug|Any CPU
		{407A9D1B-E73C-45CA-AF67-F376E5E60F9F}.Release|Any CPU.ActiveCfg = Release|Any CPU
		{407A9D1B-E73C-45CA-AF67-F376E5E60F9F}.Release|Any CPU.Build.0 = Release|Any CPU
		{407A9D1B-E73C-45CA-AF67-F376E5E60F9F}.Release|x64.ActiveCfg = Release|Any CPU
		{407A9D1B-E73C-45CA-AF67-F376E5E60F9F}.Release|x64.Build.0 = Release|Any CPU
		{407A9D1B-E73C-45CA-AF67-F376E5E60F9F}.Release|x86.ActiveCfg = Release|Any CPU
		{407A9D1B-E73C-45CA-AF67-F376E5E60F9F}.Release|x86.Build.0 = Release|Any CPU
		{34D064F4-24C8-42AC-A370-6B92E1C41C2B}.Debug|Any CPU.ActiveCfg = Debug|Any CPU
		{34D064F4-24C8-42AC-A370-6B92E1C41C2B}.Debug|Any CPU.Build.0 = Debug|Any CPU
		{34D064F4-24C8-42AC-A370-6B92E1C41C2B}.Debug|x64.ActiveCfg = Debug|Any CPU
		{34D064F4-24C8-42AC-A370-6B92E1C41C2B}.Debug|x64.Build.0 = Debug|Any CPU
		{34D064F4-24C8-42AC-A370-6B92E1C41C2B}.Debug|x86.ActiveCfg = Debug|Any CPU
		{34D064F4-24C8-42AC-A370-6B92E1C41C2B}.Debug|x86.Build.0 = Debug|Any CPU
		{34D064F4-24C8-42AC-A370-6B92E1C41C2B}.Release|Any CPU.ActiveCfg = Release|Any CPU
		{34D064F4-24C8-42AC-A370-6B92E1C41C2B}.Release|Any CPU.Build.0 = Release|Any CPU
		{34D064F4-24C8-42AC-A370-6B92E1C41C2B}.Release|x64.ActiveCfg = Release|Any CPU
		{34D064F4-24C8-42AC-A370-6B92E1C41C2B}.Release|x64.Build.0 = Release|Any CPU
		{34D064F4-24C8-42AC-A370-6B92E1C41C2B}.Release|x86.ActiveCfg = Release|Any CPU
		{34D064F4-24C8-42AC-A370-6B92E1C41C2B}.Release|x86.Build.0 = Release|Any CPU
		{C749A3C8-E113-4652-A254-1044F14952E0}.Debug|Any CPU.ActiveCfg = Debug|Any CPU
		{C749A3C8-E113-4652-A254-1044F14952E0}.Debug|Any CPU.Build.0 = Debug|Any CPU
		{C749A3C8-E113-4652-A254-1044F14952E0}.Debug|x64.ActiveCfg = Debug|Any CPU
		{C749A3C8-E113-4652-A254-1044F14952E0}.Debug|x64.Build.0 = Debug|Any CPU
		{C749A3C8-E113-4652-A254-1044F14952E0}.Debug|x86.ActiveCfg = Debug|Any CPU
		{C749A3C8-E113-4652-A254-1044F14952E0}.Debug|x86.Build.0 = Debug|Any CPU
		{C749A3C8-E113-4652-A254-1044F14952E0}.Release|Any CPU.ActiveCfg = Release|Any CPU
		{C749A3C8-E113-4652-A254-1044F14952E0}.Release|Any CPU.Build.0 = Release|Any CPU
		{C749A3C8-E113-4652-A254-1044F14952E0}.Release|x64.ActiveCfg = Release|Any CPU
		{C749A3C8-E113-4652-A254-1044F14952E0}.Release|x64.Build.0 = Release|Any CPU
		{C749A3C8-E113-4652-A254-1044F14952E0}.Release|x86.ActiveCfg = Release|Any CPU
		{C749A3C8-E113-4652-A254-1044F14952E0}.Release|x86.Build.0 = Release|Any CPU
		{2C5698E2-0CBA-4E0A-8E73-023D0EFBAFB8}.Debug|Any CPU.ActiveCfg = Debug|Any CPU
		{2C5698E2-0CBA-4E0A-8E73-023D0EFBAFB8}.Debug|Any CPU.Build.0 = Debug|Any CPU
		{2C5698E2-0CBA-4E0A-8E73-023D0EFBAFB8}.Debug|x64.ActiveCfg = Debug|Any CPU
		{2C5698E2-0CBA-4E0A-8E73-023D0EFBAFB8}.Debug|x64.Build.0 = Debug|Any CPU
		{2C5698E2-0CBA-4E0A-8E73-023D0EFBAFB8}.Debug|x86.ActiveCfg = Debug|Any CPU
		{2C5698E2-0CBA-4E0A-8E73-023D0EFBAFB8}.Debug|x86.Build.0 = Debug|Any CPU
		{2C5698E2-0CBA-4E0A-8E73-023D0EFBAFB8}.Release|Any CPU.ActiveCfg = Release|Any CPU
		{2C5698E2-0CBA-4E0A-8E73-023D0EFBAFB8}.Release|Any CPU.Build.0 = Release|Any CPU
		{2C5698E2-0CBA-4E0A-8E73-023D0EFBAFB8}.Release|x64.ActiveCfg = Release|Any CPU
		{2C5698E2-0CBA-4E0A-8E73-023D0EFBAFB8}.Release|x64.Build.0 = Release|Any CPU
		{2C5698E2-0CBA-4E0A-8E73-023D0EFBAFB8}.Release|x86.ActiveCfg = Release|Any CPU
		{2C5698E2-0CBA-4E0A-8E73-023D0EFBAFB8}.Release|x86.Build.0 = Release|Any CPU
		{CE15B8E0-9F3E-48CD-A069-E75BA28FEB5E}.Debug|Any CPU.ActiveCfg = Debug|Any CPU
		{CE15B8E0-9F3E-48CD-A069-E75BA28FEB5E}.Debug|Any CPU.Build.0 = Debug|Any CPU
		{CE15B8E0-9F3E-48CD-A069-E75BA28FEB5E}.Debug|x64.ActiveCfg = Debug|Any CPU
		{CE15B8E0-9F3E-48CD-A069-E75BA28FEB5E}.Debug|x64.Build.0 = Debug|Any CPU
		{CE15B8E0-9F3E-48CD-A069-E75BA28FEB5E}.Debug|x86.ActiveCfg = Debug|Any CPU
		{CE15B8E0-9F3E-48CD-A069-E75BA28FEB5E}.Debug|x86.Build.0 = Debug|Any CPU
		{CE15B8E0-9F3E-48CD-A069-E75BA28FEB5E}.Release|Any CPU.ActiveCfg = Release|Any CPU
		{CE15B8E0-9F3E-48CD-A069-E75BA28FEB5E}.Release|Any CPU.Build.0 = Release|Any CPU
		{CE15B8E0-9F3E-48CD-A069-E75BA28FEB5E}.Release|x64.ActiveCfg = Release|Any CPU
		{CE15B8E0-9F3E-48CD-A069-E75BA28FEB5E}.Release|x64.Build.0 = Release|Any CPU
		{CE15B8E0-9F3E-48CD-A069-E75BA28FEB5E}.Release|x86.ActiveCfg = Release|Any CPU
		{CE15B8E0-9F3E-48CD-A069-E75BA28FEB5E}.Release|x86.Build.0 = Release|Any CPU
		{A6013896-5A60-4A1E-9CE6-FB1B3C2AD138}.Debug|Any CPU.ActiveCfg = Debug|Any CPU
		{A6013896-5A60-4A1E-9CE6-FB1B3C2AD138}.Debug|Any CPU.Build.0 = Debug|Any CPU
		{A6013896-5A60-4A1E-9CE6-FB1B3C2AD138}.Debug|x64.ActiveCfg = Debug|Any CPU
		{A6013896-5A60-4A1E-9CE6-FB1B3C2AD138}.Debug|x64.Build.0 = Debug|Any CPU
		{A6013896-5A60-4A1E-9CE6-FB1B3C2AD138}.Debug|x86.ActiveCfg = Debug|Any CPU
		{A6013896-5A60-4A1E-9CE6-FB1B3C2AD138}.Debug|x86.Build.0 = Debug|Any CPU
		{A6013896-5A60-4A1E-9CE6-FB1B3C2AD138}.Release|Any CPU.ActiveCfg = Release|Any CPU
		{A6013896-5A60-4A1E-9CE6-FB1B3C2AD138}.Release|Any CPU.Build.0 = Release|Any CPU
		{A6013896-5A60-4A1E-9CE6-FB1B3C2AD138}.Release|x64.ActiveCfg = Release|Any CPU
		{A6013896-5A60-4A1E-9CE6-FB1B3C2AD138}.Release|x64.Build.0 = Release|Any CPU
		{A6013896-5A60-4A1E-9CE6-FB1B3C2AD138}.Release|x86.ActiveCfg = Release|Any CPU
		{A6013896-5A60-4A1E-9CE6-FB1B3C2AD138}.Release|x86.Build.0 = Release|Any CPU
		{B717FC7D-A225-4A60-8CDF-F92B7B43018E}.Debug|Any CPU.ActiveCfg = Debug|Any CPU
		{B717FC7D-A225-4A60-8CDF-F92B7B43018E}.Debug|Any CPU.Build.0 = Debug|Any CPU
		{B717FC7D-A225-4A60-8CDF-F92B7B43018E}.Debug|x64.ActiveCfg = Debug|Any CPU
		{B717FC7D-A225-4A60-8CDF-F92B7B43018E}.Debug|x64.Build.0 = Debug|Any CPU
		{B717FC7D-A225-4A60-8CDF-F92B7B43018E}.Debug|x86.ActiveCfg = Debug|Any CPU
		{B717FC7D-A225-4A60-8CDF-F92B7B43018E}.Debug|x86.Build.0 = Debug|Any CPU
		{B717FC7D-A225-4A60-8CDF-F92B7B43018E}.Release|Any CPU.ActiveCfg = Release|Any CPU
		{B717FC7D-A225-4A60-8CDF-F92B7B43018E}.Release|Any CPU.Build.0 = Release|Any CPU
		{B717FC7D-A225-4A60-8CDF-F92B7B43018E}.Release|x64.ActiveCfg = Release|Any CPU
		{B717FC7D-A225-4A60-8CDF-F92B7B43018E}.Release|x64.Build.0 = Release|Any CPU
		{B717FC7D-A225-4A60-8CDF-F92B7B43018E}.Release|x86.ActiveCfg = Release|Any CPU
		{B717FC7D-A225-4A60-8CDF-F92B7B43018E}.Release|x86.Build.0 = Release|Any CPU
		{7C7FBB9A-B19D-48B6-8A1D-950A1261BA3A}.Debug|Any CPU.ActiveCfg = Debug|Any CPU
		{7C7FBB9A-B19D-48B6-8A1D-950A1261BA3A}.Debug|Any CPU.Build.0 = Debug|Any CPU
		{7C7FBB9A-B19D-48B6-8A1D-950A1261BA3A}.Debug|x64.ActiveCfg = Debug|Any CPU
		{7C7FBB9A-B19D-48B6-8A1D-950A1261BA3A}.Debug|x64.Build.0 = Debug|Any CPU
		{7C7FBB9A-B19D-48B6-8A1D-950A1261BA3A}.Debug|x86.ActiveCfg = Debug|Any CPU
		{7C7FBB9A-B19D-48B6-8A1D-950A1261BA3A}.Debug|x86.Build.0 = Debug|Any CPU
		{7C7FBB9A-B19D-48B6-8A1D-950A1261BA3A}.Release|Any CPU.ActiveCfg = Release|Any CPU
		{7C7FBB9A-B19D-48B6-8A1D-950A1261BA3A}.Release|Any CPU.Build.0 = Release|Any CPU
		{7C7FBB9A-B19D-48B6-8A1D-950A1261BA3A}.Release|x64.ActiveCfg = Release|Any CPU
		{7C7FBB9A-B19D-48B6-8A1D-950A1261BA3A}.Release|x64.Build.0 = Release|Any CPU
		{7C7FBB9A-B19D-48B6-8A1D-950A1261BA3A}.Release|x86.ActiveCfg = Release|Any CPU
		{7C7FBB9A-B19D-48B6-8A1D-950A1261BA3A}.Release|x86.Build.0 = Release|Any CPU
		{8EE240C3-A767-464A-8488-FC57786B2C44}.Debug|Any CPU.ActiveCfg = Debug|Any CPU
		{8EE240C3-A767-464A-8488-FC57786B2C44}.Debug|Any CPU.Build.0 = Debug|Any CPU
		{8EE240C3-A767-464A-8488-FC57786B2C44}.Debug|x64.ActiveCfg = Debug|Any CPU
		{8EE240C3-A767-464A-8488-FC57786B2C44}.Debug|x64.Build.0 = Debug|Any CPU
		{8EE240C3-A767-464A-8488-FC57786B2C44}.Debug|x86.ActiveCfg = Debug|Any CPU
		{8EE240C3-A767-464A-8488-FC57786B2C44}.Debug|x86.Build.0 = Debug|Any CPU
		{8EE240C3-A767-464A-8488-FC57786B2C44}.Release|Any CPU.ActiveCfg = Release|Any CPU
		{8EE240C3-A767-464A-8488-FC57786B2C44}.Release|Any CPU.Build.0 = Release|Any CPU
		{8EE240C3-A767-464A-8488-FC57786B2C44}.Release|x64.ActiveCfg = Release|Any CPU
		{8EE240C3-A767-464A-8488-FC57786B2C44}.Release|x64.Build.0 = Release|Any CPU
		{8EE240C3-A767-464A-8488-FC57786B2C44}.Release|x86.ActiveCfg = Release|Any CPU
		{8EE240C3-A767-464A-8488-FC57786B2C44}.Release|x86.Build.0 = Release|Any CPU
		{B8683560-7510-43B2-B2F5-C57DD3E585A5}.Debug|Any CPU.ActiveCfg = Debug|Any CPU
		{B8683560-7510-43B2-B2F5-C57DD3E585A5}.Debug|Any CPU.Build.0 = Debug|Any CPU
		{B8683560-7510-43B2-B2F5-C57DD3E585A5}.Debug|x64.ActiveCfg = Debug|Any CPU
		{B8683560-7510-43B2-B2F5-C57DD3E585A5}.Debug|x64.Build.0 = Debug|Any CPU
		{B8683560-7510-43B2-B2F5-C57DD3E585A5}.Debug|x86.ActiveCfg = Debug|Any CPU
		{B8683560-7510-43B2-B2F5-C57DD3E585A5}.Debug|x86.Build.0 = Debug|Any CPU
		{B8683560-7510-43B2-B2F5-C57DD3E585A5}.Release|Any CPU.ActiveCfg = Release|Any CPU
		{B8683560-7510-43B2-B2F5-C57DD3E585A5}.Release|Any CPU.Build.0 = Release|Any CPU
		{B8683560-7510-43B2-B2F5-C57DD3E585A5}.Release|x64.ActiveCfg = Release|Any CPU
		{B8683560-7510-43B2-B2F5-C57DD3E585A5}.Release|x64.Build.0 = Release|Any CPU
		{B8683560-7510-43B2-B2F5-C57DD3E585A5}.Release|x86.ActiveCfg = Release|Any CPU
		{B8683560-7510-43B2-B2F5-C57DD3E585A5}.Release|x86.Build.0 = Release|Any CPU
		{A9A01698-D152-4DA9-9B3C-DB7BCFA9517D}.Debug|Any CPU.ActiveCfg = Debug|Any CPU
		{A9A01698-D152-4DA9-9B3C-DB7BCFA9517D}.Debug|Any CPU.Build.0 = Debug|Any CPU
		{A9A01698-D152-4DA9-9B3C-DB7BCFA9517D}.Debug|x64.ActiveCfg = Debug|Any CPU
		{A9A01698-D152-4DA9-9B3C-DB7BCFA9517D}.Debug|x64.Build.0 = Debug|Any CPU
		{A9A01698-D152-4DA9-9B3C-DB7BCFA9517D}.Debug|x86.ActiveCfg = Debug|Any CPU
		{A9A01698-D152-4DA9-9B3C-DB7BCFA9517D}.Debug|x86.Build.0 = Debug|Any CPU
		{A9A01698-D152-4DA9-9B3C-DB7BCFA9517D}.Release|Any CPU.ActiveCfg = Release|Any CPU
		{A9A01698-D152-4DA9-9B3C-DB7BCFA9517D}.Release|Any CPU.Build.0 = Release|Any CPU
		{A9A01698-D152-4DA9-9B3C-DB7BCFA9517D}.Release|x64.ActiveCfg = Release|Any CPU
		{A9A01698-D152-4DA9-9B3C-DB7BCFA9517D}.Release|x64.Build.0 = Release|Any CPU
		{A9A01698-D152-4DA9-9B3C-DB7BCFA9517D}.Release|x86.ActiveCfg = Release|Any CPU
		{A9A01698-D152-4DA9-9B3C-DB7BCFA9517D}.Release|x86.Build.0 = Release|Any CPU
		{A1E33A59-33C5-4E01-8107-E30076C6FF7C}.Debug|Any CPU.ActiveCfg = Debug|Any CPU
		{A1E33A59-33C5-4E01-8107-E30076C6FF7C}.Debug|Any CPU.Build.0 = Debug|Any CPU
		{A1E33A59-33C5-4E01-8107-E30076C6FF7C}.Debug|x64.ActiveCfg = Debug|Any CPU
		{A1E33A59-33C5-4E01-8107-E30076C6FF7C}.Debug|x64.Build.0 = Debug|Any CPU
		{A1E33A59-33C5-4E01-8107-E30076C6FF7C}.Debug|x86.ActiveCfg = Debug|Any CPU
		{A1E33A59-33C5-4E01-8107-E30076C6FF7C}.Debug|x86.Build.0 = Debug|Any CPU
		{A1E33A59-33C5-4E01-8107-E30076C6FF7C}.Release|Any CPU.ActiveCfg = Release|Any CPU
		{A1E33A59-33C5-4E01-8107-E30076C6FF7C}.Release|Any CPU.Build.0 = Release|Any CPU
		{A1E33A59-33C5-4E01-8107-E30076C6FF7C}.Release|x64.ActiveCfg = Release|Any CPU
		{A1E33A59-33C5-4E01-8107-E30076C6FF7C}.Release|x64.Build.0 = Release|Any CPU
		{A1E33A59-33C5-4E01-8107-E30076C6FF7C}.Release|x86.ActiveCfg = Release|Any CPU
		{A1E33A59-33C5-4E01-8107-E30076C6FF7C}.Release|x86.Build.0 = Release|Any CPU
		{C8DF736C-7672-4746-8AB0-617725055F7E}.Debug|Any CPU.ActiveCfg = Debug|Any CPU
		{C8DF736C-7672-4746-8AB0-617725055F7E}.Debug|Any CPU.Build.0 = Debug|Any CPU
		{C8DF736C-7672-4746-8AB0-617725055F7E}.Debug|x64.ActiveCfg = Debug|Any CPU
		{C8DF736C-7672-4746-8AB0-617725055F7E}.Debug|x64.Build.0 = Debug|Any CPU
		{C8DF736C-7672-4746-8AB0-617725055F7E}.Debug|x86.ActiveCfg = Debug|Any CPU
		{C8DF736C-7672-4746-8AB0-617725055F7E}.Debug|x86.Build.0 = Debug|Any CPU
		{C8DF736C-7672-4746-8AB0-617725055F7E}.Release|Any CPU.ActiveCfg = Release|Any CPU
		{C8DF736C-7672-4746-8AB0-617725055F7E}.Release|Any CPU.Build.0 = Release|Any CPU
		{C8DF736C-7672-4746-8AB0-617725055F7E}.Release|x64.ActiveCfg = Release|Any CPU
		{C8DF736C-7672-4746-8AB0-617725055F7E}.Release|x64.Build.0 = Release|Any CPU
		{C8DF736C-7672-4746-8AB0-617725055F7E}.Release|x86.ActiveCfg = Release|Any CPU
		{C8DF736C-7672-4746-8AB0-617725055F7E}.Release|x86.Build.0 = Release|Any CPU
		{8E0D1138-650B-40BC-BEF3-877272182A64}.Debug|Any CPU.ActiveCfg = Debug|Any CPU
		{8E0D1138-650B-40BC-BEF3-877272182A64}.Debug|Any CPU.Build.0 = Debug|Any CPU
		{8E0D1138-650B-40BC-BEF3-877272182A64}.Debug|x64.ActiveCfg = Debug|Any CPU
		{8E0D1138-650B-40BC-BEF3-877272182A64}.Debug|x64.Build.0 = Debug|Any CPU
		{8E0D1138-650B-40BC-BEF3-877272182A64}.Debug|x86.ActiveCfg = Debug|Any CPU
		{8E0D1138-650B-40BC-BEF3-877272182A64}.Debug|x86.Build.0 = Debug|Any CPU
		{8E0D1138-650B-40BC-BEF3-877272182A64}.Release|Any CPU.ActiveCfg = Release|Any CPU
		{8E0D1138-650B-40BC-BEF3-877272182A64}.Release|Any CPU.Build.0 = Release|Any CPU
		{8E0D1138-650B-40BC-BEF3-877272182A64}.Release|x64.ActiveCfg = Release|Any CPU
		{8E0D1138-650B-40BC-BEF3-877272182A64}.Release|x64.Build.0 = Release|Any CPU
		{8E0D1138-650B-40BC-BEF3-877272182A64}.Release|x86.ActiveCfg = Release|Any CPU
		{8E0D1138-650B-40BC-BEF3-877272182A64}.Release|x86.Build.0 = Release|Any CPU
		{A8293167-5FB7-4E42-984E-CC0371A37C26}.Debug|Any CPU.ActiveCfg = Debug|Any CPU
		{A8293167-5FB7-4E42-984E-CC0371A37C26}.Debug|Any CPU.Build.0 = Debug|Any CPU
		{A8293167-5FB7-4E42-984E-CC0371A37C26}.Debug|x64.ActiveCfg = Debug|Any CPU
		{A8293167-5FB7-4E42-984E-CC0371A37C26}.Debug|x64.Build.0 = Debug|Any CPU
		{A8293167-5FB7-4E42-984E-CC0371A37C26}.Debug|x86.ActiveCfg = Debug|Any CPU
		{A8293167-5FB7-4E42-984E-CC0371A37C26}.Debug|x86.Build.0 = Debug|Any CPU
		{A8293167-5FB7-4E42-984E-CC0371A37C26}.Release|Any CPU.ActiveCfg = Release|Any CPU
		{A8293167-5FB7-4E42-984E-CC0371A37C26}.Release|Any CPU.Build.0 = Release|Any CPU
		{A8293167-5FB7-4E42-984E-CC0371A37C26}.Release|x64.ActiveCfg = Release|Any CPU
		{A8293167-5FB7-4E42-984E-CC0371A37C26}.Release|x64.Build.0 = Release|Any CPU
		{A8293167-5FB7-4E42-984E-CC0371A37C26}.Release|x86.ActiveCfg = Release|Any CPU
		{A8293167-5FB7-4E42-984E-CC0371A37C26}.Release|x86.Build.0 = Release|Any CPU
		{E0512F28-11CD-4819-BE84-90776C8C8303}.Debug|Any CPU.ActiveCfg = Debug|Any CPU
		{E0512F28-11CD-4819-BE84-90776C8C8303}.Debug|Any CPU.Build.0 = Debug|Any CPU
		{E0512F28-11CD-4819-BE84-90776C8C8303}.Debug|x64.ActiveCfg = Debug|Any CPU
		{E0512F28-11CD-4819-BE84-90776C8C8303}.Debug|x64.Build.0 = Debug|Any CPU
		{E0512F28-11CD-4819-BE84-90776C8C8303}.Debug|x86.ActiveCfg = Debug|Any CPU
		{E0512F28-11CD-4819-BE84-90776C8C8303}.Debug|x86.Build.0 = Debug|Any CPU
		{E0512F28-11CD-4819-BE84-90776C8C8303}.Release|Any CPU.ActiveCfg = Release|Any CPU
		{E0512F28-11CD-4819-BE84-90776C8C8303}.Release|Any CPU.Build.0 = Release|Any CPU
		{E0512F28-11CD-4819-BE84-90776C8C8303}.Release|x64.ActiveCfg = Release|Any CPU
		{E0512F28-11CD-4819-BE84-90776C8C8303}.Release|x64.Build.0 = Release|Any CPU
		{E0512F28-11CD-4819-BE84-90776C8C8303}.Release|x86.ActiveCfg = Release|Any CPU
		{E0512F28-11CD-4819-BE84-90776C8C8303}.Release|x86.Build.0 = Release|Any CPU
		{EF7A8FB5-188C-4E65-BCBD-D3FBC5A137D5}.Debug|Any CPU.ActiveCfg = Debug|Any CPU
		{EF7A8FB5-188C-4E65-BCBD-D3FBC5A137D5}.Debug|Any CPU.Build.0 = Debug|Any CPU
		{EF7A8FB5-188C-4E65-BCBD-D3FBC5A137D5}.Debug|x64.ActiveCfg = Debug|Any CPU
		{EF7A8FB5-188C-4E65-BCBD-D3FBC5A137D5}.Debug|x64.Build.0 = Debug|Any CPU
		{EF7A8FB5-188C-4E65-BCBD-D3FBC5A137D5}.Debug|x86.ActiveCfg = Debug|Any CPU
		{EF7A8FB5-188C-4E65-BCBD-D3FBC5A137D5}.Debug|x86.Build.0 = Debug|Any CPU
		{EF7A8FB5-188C-4E65-BCBD-D3FBC5A137D5}.Release|Any CPU.ActiveCfg = Release|Any CPU
		{EF7A8FB5-188C-4E65-BCBD-D3FBC5A137D5}.Release|Any CPU.Build.0 = Release|Any CPU
		{EF7A8FB5-188C-4E65-BCBD-D3FBC5A137D5}.Release|x64.ActiveCfg = Release|Any CPU
		{EF7A8FB5-188C-4E65-BCBD-D3FBC5A137D5}.Release|x64.Build.0 = Release|Any CPU
		{EF7A8FB5-188C-4E65-BCBD-D3FBC5A137D5}.Release|x86.ActiveCfg = Release|Any CPU
		{EF7A8FB5-188C-4E65-BCBD-D3FBC5A137D5}.Release|x86.Build.0 = Release|Any CPU
		{E8B4C00E-34BC-4634-A50F-0DE7D0D0E901}.Debug|Any CPU.ActiveCfg = Debug|Any CPU
		{E8B4C00E-34BC-4634-A50F-0DE7D0D0E901}.Debug|Any CPU.Build.0 = Debug|Any CPU
		{E8B4C00E-34BC-4634-A50F-0DE7D0D0E901}.Debug|x64.ActiveCfg = Debug|Any CPU
		{E8B4C00E-34BC-4634-A50F-0DE7D0D0E901}.Debug|x64.Build.0 = Debug|Any CPU
		{E8B4C00E-34BC-4634-A50F-0DE7D0D0E901}.Debug|x86.ActiveCfg = Debug|Any CPU
		{E8B4C00E-34BC-4634-A50F-0DE7D0D0E901}.Debug|x86.Build.0 = Debug|Any CPU
		{E8B4C00E-34BC-4634-A50F-0DE7D0D0E901}.Release|Any CPU.ActiveCfg = Release|Any CPU
		{E8B4C00E-34BC-4634-A50F-0DE7D0D0E901}.Release|Any CPU.Build.0 = Release|Any CPU
		{E8B4C00E-34BC-4634-A50F-0DE7D0D0E901}.Release|x64.ActiveCfg = Release|Any CPU
		{E8B4C00E-34BC-4634-A50F-0DE7D0D0E901}.Release|x64.Build.0 = Release|Any CPU
		{E8B4C00E-34BC-4634-A50F-0DE7D0D0E901}.Release|x86.ActiveCfg = Release|Any CPU
		{E8B4C00E-34BC-4634-A50F-0DE7D0D0E901}.Release|x86.Build.0 = Release|Any CPU
		{EE3F4EB5-4BFB-4A82-A7F7-3B6B8C151DDF}.Debug|Any CPU.ActiveCfg = Debug|Any CPU
		{EE3F4EB5-4BFB-4A82-A7F7-3B6B8C151DDF}.Debug|Any CPU.Build.0 = Debug|Any CPU
		{EE3F4EB5-4BFB-4A82-A7F7-3B6B8C151DDF}.Debug|x64.ActiveCfg = Debug|Any CPU
		{EE3F4EB5-4BFB-4A82-A7F7-3B6B8C151DDF}.Debug|x64.Build.0 = Debug|Any CPU
		{EE3F4EB5-4BFB-4A82-A7F7-3B6B8C151DDF}.Debug|x86.ActiveCfg = Debug|Any CPU
		{EE3F4EB5-4BFB-4A82-A7F7-3B6B8C151DDF}.Debug|x86.Build.0 = Debug|Any CPU
		{EE3F4EB5-4BFB-4A82-A7F7-3B6B8C151DDF}.Release|Any CPU.ActiveCfg = Release|Any CPU
		{EE3F4EB5-4BFB-4A82-A7F7-3B6B8C151DDF}.Release|Any CPU.Build.0 = Release|Any CPU
		{EE3F4EB5-4BFB-4A82-A7F7-3B6B8C151DDF}.Release|x64.ActiveCfg = Release|Any CPU
		{EE3F4EB5-4BFB-4A82-A7F7-3B6B8C151DDF}.Release|x64.Build.0 = Release|Any CPU
		{EE3F4EB5-4BFB-4A82-A7F7-3B6B8C151DDF}.Release|x86.ActiveCfg = Release|Any CPU
		{EE3F4EB5-4BFB-4A82-A7F7-3B6B8C151DDF}.Release|x86.Build.0 = Release|Any CPU
		{4A4BECBD-0190-4F1B-BDE6-04835D1E3EBB}.Debug|Any CPU.ActiveCfg = Debug|Any CPU
		{4A4BECBD-0190-4F1B-BDE6-04835D1E3EBB}.Debug|Any CPU.Build.0 = Debug|Any CPU
		{4A4BECBD-0190-4F1B-BDE6-04835D1E3EBB}.Debug|x64.ActiveCfg = Debug|Any CPU
		{4A4BECBD-0190-4F1B-BDE6-04835D1E3EBB}.Debug|x64.Build.0 = Debug|Any CPU
		{4A4BECBD-0190-4F1B-BDE6-04835D1E3EBB}.Debug|x86.ActiveCfg = Debug|Any CPU
		{4A4BECBD-0190-4F1B-BDE6-04835D1E3EBB}.Debug|x86.Build.0 = Debug|Any CPU
		{4A4BECBD-0190-4F1B-BDE6-04835D1E3EBB}.Release|Any CPU.ActiveCfg = Release|Any CPU
		{4A4BECBD-0190-4F1B-BDE6-04835D1E3EBB}.Release|Any CPU.Build.0 = Release|Any CPU
		{4A4BECBD-0190-4F1B-BDE6-04835D1E3EBB}.Release|x64.ActiveCfg = Release|Any CPU
		{4A4BECBD-0190-4F1B-BDE6-04835D1E3EBB}.Release|x64.Build.0 = Release|Any CPU
		{4A4BECBD-0190-4F1B-BDE6-04835D1E3EBB}.Release|x86.ActiveCfg = Release|Any CPU
		{4A4BECBD-0190-4F1B-BDE6-04835D1E3EBB}.Release|x86.Build.0 = Release|Any CPU
	EndGlobalSection
	GlobalSection(SolutionProperties) = preSolution
		HideSolutionNode = FALSE
	EndGlobalSection
	GlobalSection(NestedProjects) = preSolution
		{A750D046-47A0-447F-94E4-54FF6B7DD917} = {6628A906-CC10-41BE-9654-994DBC29DE7E}
		{2F006172-DE25-4218-B5D9-4D9521852BBB} = {6628A906-CC10-41BE-9654-994DBC29DE7E}
		{DDA98F0C-D442-4AB5-BE3D-4417F10A4422} = {6628A906-CC10-41BE-9654-994DBC29DE7E}
		{DA0921FF-BB0C-47AB-B096-4A9EC750E985} = {6628A906-CC10-41BE-9654-994DBC29DE7E}
		{35542AC3-33E8-486C-A659-62E448A3A817} = {6628A906-CC10-41BE-9654-994DBC29DE7E}
		{1C91A072-B918-4441-81DA-BC2349ACD85E} = {6628A906-CC10-41BE-9654-994DBC29DE7E}
		{BDC5096F-F06C-4247-A6D0-06180861B5B7} = {6628A906-CC10-41BE-9654-994DBC29DE7E}
		{E42180ED-07AD-4B10-A52C-A29BE0C6B9E7} = {6628A906-CC10-41BE-9654-994DBC29DE7E}
		{68999AAC-D2BF-4BDE-8FCF-384EEC620E62} = {6628A906-CC10-41BE-9654-994DBC29DE7E}
		{48523346-F9EE-4ACA-B098-F99927C2A5D0} = {6628A906-CC10-41BE-9654-994DBC29DE7E}
		{DD9573BF-1BED-4425-9298-D78D0F16D5D4} = {6628A906-CC10-41BE-9654-994DBC29DE7E}
		{8761CD19-B90A-4100-86EB-523E2600C35B} = {6628A906-CC10-41BE-9654-994DBC29DE7E}
		{54B8BBDB-10C4-4D58-9A23-14574F4F72B8} = {6628A906-CC10-41BE-9654-994DBC29DE7E}
		{07903BDB-5134-434B-B379-0464293E1B12} = {6628A906-CC10-41BE-9654-994DBC29DE7E}
		{7EA154A4-73CD-4207-B854-435EAD6D2A88} = {6628A906-CC10-41BE-9654-994DBC29DE7E}
		{E01AF891-0A1B-4335-9C9A-6B3ED8A5B493} = {6628A906-CC10-41BE-9654-994DBC29DE7E}
		{DD5E6888-BE8A-4333-9417-B7E9368D8011} = {6628A906-CC10-41BE-9654-994DBC29DE7E}
		{D8904C28-CCB7-4C5C-B095-D8424B236D62} = {6628A906-CC10-41BE-9654-994DBC29DE7E}
		{C43AD2F3-F02C-41FE-B73F-511E88FAE9BD} = {6628A906-CC10-41BE-9654-994DBC29DE7E}
		{D1EAE701-2922-4B63-81E5-49F51E2B72CD} = {6628A906-CC10-41BE-9654-994DBC29DE7E}
		{0957688F-D622-473D-A636-FF14FB8F936A} = {6628A906-CC10-41BE-9654-994DBC29DE7E}
		{EAB92B16-F582-4F61-9A37-390C58976BAF} = {6628A906-CC10-41BE-9654-994DBC29DE7E}
		{BC93B2D8-8714-4C77-BB24-50AA3054B299} = {6628A906-CC10-41BE-9654-994DBC29DE7E}
		{A7E94CD8-DD0A-4DF1-80A7-4961A7F1A8BD} = {6628A906-CC10-41BE-9654-994DBC29DE7E}
		{46A5541F-AFCF-4809-B4BA-3C5DFBB2F981} = {6628A906-CC10-41BE-9654-994DBC29DE7E}
		{F38B5F0A-131F-4E5A-889C-495532EA1E62} = {6628A906-CC10-41BE-9654-994DBC29DE7E}
		{C60739BE-C8EA-4EFF-8DF6-3583312CB456} = {6628A906-CC10-41BE-9654-994DBC29DE7E}
		{C1AEA87C-AAFE-4C74-B2EA-E48AA4461944} = {6628A906-CC10-41BE-9654-994DBC29DE7E}
		{F54A06D2-38B0-472F-A9DD-07BE04A0E1ED} = {6628A906-CC10-41BE-9654-994DBC29DE7E}
		{407A9D1B-E73C-45CA-AF67-F376E5E60F9F} = {6628A906-CC10-41BE-9654-994DBC29DE7E}
		{34D064F4-24C8-42AC-A370-6B92E1C41C2B} = {6628A906-CC10-41BE-9654-994DBC29DE7E}
		{C749A3C8-E113-4652-A254-1044F14952E0} = {6628A906-CC10-41BE-9654-994DBC29DE7E}
		{A6013896-5A60-4A1E-9CE6-FB1B3C2AD138} = {6628A906-CC10-41BE-9654-994DBC29DE7E}
		{B717FC7D-A225-4A60-8CDF-F92B7B43018E} = {6628A906-CC10-41BE-9654-994DBC29DE7E}
		{7C7FBB9A-B19D-48B6-8A1D-950A1261BA3A} = {A79F5BBE-7C16-45AC-A913-72CE81A1652F}
		{8EE240C3-A767-464A-8488-FC57786B2C44} = {A79F5BBE-7C16-45AC-A913-72CE81A1652F}
		{B8683560-7510-43B2-B2F5-C57DD3E585A5} = {A79F5BBE-7C16-45AC-A913-72CE81A1652F}
		{A9A01698-D152-4DA9-9B3C-DB7BCFA9517D} = {A79F5BBE-7C16-45AC-A913-72CE81A1652F}
		{A79F5BBE-7C16-45AC-A913-72CE81A1652F} = {6628A906-CC10-41BE-9654-994DBC29DE7E}
		{A1E33A59-33C5-4E01-8107-E30076C6FF7C} = {A79F5BBE-7C16-45AC-A913-72CE81A1652F}
		{9F993018-42D1-42E6-89B3-87F6102E5F32} = {6628A906-CC10-41BE-9654-994DBC29DE7E}
		{C8DF736C-7672-4746-8AB0-617725055F7E} = {9F993018-42D1-42E6-89B3-87F6102E5F32}
		{8E0D1138-650B-40BC-BEF3-877272182A64} = {9F993018-42D1-42E6-89B3-87F6102E5F32}
		{A8293167-5FB7-4E42-984E-CC0371A37C26} = {9F993018-42D1-42E6-89B3-87F6102E5F32}
		{E0512F28-11CD-4819-BE84-90776C8C8303} = {9F993018-42D1-42E6-89B3-87F6102E5F32}
		{EF7A8FB5-188C-4E65-BCBD-D3FBC5A137D5} = {0AB3BF05-4346-4AA6-1389-037BE0695223}
		{E8B4C00E-34BC-4634-A50F-0DE7D0D0E901} = {0AB3BF05-4346-4AA6-1389-037BE0695223}
		{EE3F4EB5-4BFB-4A82-A7F7-3B6B8C151DDF} = {0AB3BF05-4346-4AA6-1389-037BE0695223}
		{4A4BECBD-0190-4F1B-BDE6-04835D1E3EBB} = {0AB3BF05-4346-4AA6-1389-037BE0695223}
	EndGlobalSection
	GlobalSection(ExtensibilityGlobals) = postSolution
		SolutionGuid = {2C891881-BE2D-4CF9-9A7D-BC5313F213B9}
	EndGlobalSection
EndGlobal
